
Microsoft Visual Studio Solution File, Format Version 11.00
# Visual Studio 2010
Project("{FAE04EC0-301F-11D3-BF4B-00C04F79EFBC}") = "Assembly-CSharp-firstpass", "Assembly-CSharp-firstpass\Assembly-CSharp-firstpass.csproj", "{6F8DAB99-2302-404C-AC7D-0ACE68857965}"
EndProject
Project("{FAE04EC0-301F-11D3-BF4B-00C04F79EFBC}") = "Assembly-CSharp", "Assembly-CSharp\Assembly-CSharp.csproj", "{6F8DAB99-2302-404C-AC7D-0ACE68857964}"
EndProject
Project("{FAE04EC0-301F-11D3-BF4B-00C04F79EFBC}") = "Chopin", "Chopin\Chopin.csproj", "{6F8DAB99-2302-404C-AC7D-0ACE68857966}"
EndProject
Project("{FAE04EC0-301F-11D3-BF4B-00C04F79EFBC}") = "Facebook.Unity.Android", "Facebook.Unity.Android\Facebook.Unity.Android.csproj", "{6F8DAB99-2302-404C-AC7D-0ACE68857967}"
EndProject
Project("{FAE04EC0-301F-11D3-BF4B-00C04F79EFBC}") = "Facebook.Unity.Settings", "Facebook.Unity.Settings\Facebook.Unity.Settings.csproj", "{6F8DAB99-2302-404C-AC7D-0ACE68857969}"
EndProject
Project("{FAE04EC0-301F-11D3-BF4B-00C04F79EFBC}") = "Facebook.Unity", "Facebook.Unity\Facebook.Unity.csproj", "{6F8DAB99-2302-404C-AC7D-0ACE68857968}"
EndProject
Project("{FAE04EC0-301F-11D3-BF4B-00C04F79EFBC}") = "JsonFx.Json", "JsonFx.Json\JsonFx.Json.csproj", "{6F8DAB99-2302-404C-AC7D-0ACE6885796A}"
EndProject
Project("{FAE04EC0-301F-11D3-BF4B-00C04F79EFBC}") = "Mono.Security", "Mono.Security\Mono.Security.csproj", "{6F8DAB99-2302-404C-AC7D-0ACE6885796B}"
EndProject
Project("{FAE04EC0-301F-11D3-BF4B-00C04F79EFBC}") = "mscorlib", "mscorlib\mscorlib.csproj", "{6F8DAB99-2302-404C-AC7D-0ACE6885796C}"
EndProject
Project("{FAE04EC0-301F-11D3-BF4B-00C04F79EFBC}") = "PersistentData", "PersistentData\PersistentData.csproj", "{6F8DAB99-2302-404C-AC7D-0ACE6885796D}"
EndProject
Project("{FAE04EC0-301F-11D3-BF4B-00C04F79EFBC}") = "Secure", "Secure\Secure.csproj", "{6F8DAB99-2302-404C-AC7D-0ACE6885796E}"
EndProject
Project("{FAE04EC0-301F-11D3-BF4B-00C04F79EFBC}") = "System.Core", "System.Core\System.Core.csproj", "{6F8DAB99-2302-404C-AC7D-0ACE6885796F}"
EndProject
Project("{FAE04EC0-301F-11D3-BF4B-00C04F79EFBC}") = "System.Xml", "System.Xml\System.Xml.csproj", "{6F8DAB99-2302-404C-AC7D-0ACE68857971}"
EndProject
Project("{FAE04EC0-301F-11D3-BF4B-00C04F79EFBC}") = "System", "System\System.csproj", "{6F8DAB99-2302-404C-AC7D-0ACE68857970}"
EndProject
Project("{FAE04EC0-301F-11D3-BF4B-00C04F79EFBC}") = "TextMeshPro-2017.3-1.0.56-Runtime", "TextMeshPro-2017.3-1.0.56-Runtime\TextMeshPro-2017.3-1.0.56-Runtime.csproj", "{6F8DAB99-2302-404C-AC7D-0ACE68857972}"
EndProject
Project("{FAE04EC0-301F-11D3-BF4B-00C04F79EFBC}") = "UnityEngine.AccessibilityModule", "UnityEngine.AccessibilityModule\UnityEngine.AccessibilityModule.csproj", "{6F8DAB99-2302-404C-AC7D-0ACE68857973}"
EndProject
Project("{FAE04EC0-301F-11D3-BF4B-00C04F79EFBC}") = "UnityEngine.AIModule", "UnityEngine.AIModule\UnityEngine.AIModule.csproj", "{6F8DAB99-2302-404C-AC7D-0ACE68857974}"
EndProject
Project("{FAE04EC0-301F-11D3-BF4B-00C04F79EFBC}") = "UnityEngine.AnimationModule", "UnityEngine.AnimationModule\UnityEngine.AnimationModule.csproj", "{6F8DAB99-2302-404C-AC7D-0ACE68857975}"
EndProject
Project("{FAE04EC0-301F-11D3-BF4B-00C04F79EFBC}") = "UnityEngine.ARModule", "UnityEngine.ARModule\UnityEngine.ARModule.csproj", "{6F8DAB99-2302-404C-AC7D-0ACE68857976}"
EndProject
Project("{FAE04EC0-301F-11D3-BF4B-00C04F79EFBC}") = "UnityEngine.AssetBundleModule", "UnityEngine.AssetBundleModule\UnityEngine.AssetBundleModule.csproj", "{6F8DAB99-2302-404C-AC7D-0ACE68857977}"
EndProject
Project("{FAE04EC0-301F-11D3-BF4B-00C04F79EFBC}") = "UnityEngine.AudioModule", "UnityEngine.AudioModule\UnityEngine.AudioModule.csproj", "{6F8DAB99-2302-404C-AC7D-0ACE68857978}"
EndProject
Project("{FAE04EC0-301F-11D3-BF4B-00C04F79EFBC}") = "UnityEngine.ClothModule", "UnityEngine.ClothModule\UnityEngine.ClothModule.csproj", "{6F8DAB99-2302-404C-AC7D-0ACE68857979}"
EndProject
Project("{FAE04EC0-301F-11D3-BF4B-00C04F79EFBC}") = "UnityEngine.CoreModule", "UnityEngine.CoreModule\UnityEngine.CoreModule.csproj", "{6F8DAB99-2302-404C-AC7D-0ACE6885797A}"
EndProject
Project("{FAE04EC0-301F-11D3-BF4B-00C04F79EFBC}") = "UnityEngine.CrashReportingModule", "UnityEngine.CrashReportingModule\UnityEngine.CrashReportingModule.csproj", "{6F8DAB99-2302-404C-AC7D-0ACE6885797B}"
EndProject
Project("{FAE04EC0-301F-11D3-BF4B-00C04F79EFBC}") = "UnityEngine.DirectorModule", "UnityEngine.DirectorModule\UnityEngine.DirectorModule.csproj", "{6F8DAB99-2302-404C-AC7D-0ACE6885797C}"
EndProject
Project("{FAE04EC0-301F-11D3-BF4B-00C04F79EFBC}") = "UnityEngine.GameCenterModule", "UnityEngine.GameCenterModule\UnityEngine.GameCenterModule.csproj", "{6F8DAB99-2302-404C-AC7D-0ACE6885797E}"
EndProject
Project("{FAE04EC0-301F-11D3-BF4B-00C04F79EFBC}") = "UnityEngine.GridModule", "UnityEngine.GridModule\UnityEngine.GridModule.csproj", "{6F8DAB99-2302-404C-AC7D-0ACE6885797F}"
EndProject
Project("{FAE04EC0-301F-11D3-BF4B-00C04F79EFBC}") = "UnityEngine.ImageConversionModule", "UnityEngine.ImageConversionModule\UnityEngine.ImageConversionModule.csproj", "{6F8DAB99-2302-404C-AC7D-0ACE68857980}"
EndProject
Project("{FAE04EC0-301F-11D3-BF4B-00C04F79EFBC}") = "UnityEngine.IMGUIModule", "UnityEngine.IMGUIModule\UnityEngine.IMGUIModule.csproj", "{6F8DAB99-2302-404C-AC7D-0ACE68857981}"
EndProject
Project("{FAE04EC0-301F-11D3-BF4B-00C04F79EFBC}") = "UnityEngine.InputModule", "UnityEngine.InputModule\UnityEngine.InputModule.csproj", "{6F8DAB99-2302-404C-AC7D-0ACE68857982}"
EndProject
Project("{FAE04EC0-301F-11D3-BF4B-00C04F79EFBC}") = "UnityEngine.JSONSerializeModule", "UnityEngine.JSONSerializeModule\UnityEngine.JSONSerializeModule.csproj", "{6F8DAB99-2302-404C-AC7D-0ACE68857983}"
EndProject
Project("{FAE04EC0-301F-11D3-BF4B-00C04F79EFBC}") = "UnityEngine.Networking", "UnityEngine.Networking\UnityEngine.Networking.csproj", "{6F8DAB99-2302-404C-AC7D-0ACE68857984}"
EndProject
Project("{FAE04EC0-301F-11D3-BF4B-00C04F79EFBC}") = "UnityEngine.ParticlesLegacyModule", "UnityEngine.ParticlesLegacyModule\UnityEngine.ParticlesLegacyModule.csproj", "{6F8DAB99-2302-404C-AC7D-0ACE68857985}"
EndProject
Project("{FAE04EC0-301F-11D3-BF4B-00C04F79EFBC}") = "UnityEngine.ParticleSystemModule", "UnityEngine.ParticleSystemModule\UnityEngine.ParticleSystemModule.csproj", "{6F8DAB99-2302-404C-AC7D-0ACE68857986}"
EndProject
Project("{FAE04EC0-301F-11D3-BF4B-00C04F79EFBC}") = "UnityEngine.PerformanceReportingModule", "UnityEngine.PerformanceReportingModule\UnityEngine.PerformanceReportingModule.csproj", "{6F8DAB99-2302-404C-AC7D-0ACE68857987}"
EndProject
Project("{FAE04EC0-301F-11D3-BF4B-00C04F79EFBC}") = "UnityEngine.Physics2DModule", "UnityEngine.Physics2DModule\UnityEngine.Physics2DModule.csproj", "{6F8DAB99-2302-404C-AC7D-0ACE68857988}"
EndProject
Project("{FAE04EC0-301F-11D3-BF4B-00C04F79EFBC}") = "UnityEngine.PhysicsModule", "UnityEngine.PhysicsModule\UnityEngine.PhysicsModule.csproj", "{6F8DAB99-2302-404C-AC7D-0ACE68857989}"
EndProject
Project("{FAE04EC0-301F-11D3-BF4B-00C04F79EFBC}") = "UnityEngine.ScreenCaptureModule", "UnityEngine.ScreenCaptureModule\UnityEngine.ScreenCaptureModule.csproj", "{6F8DAB99-2302-404C-AC7D-0ACE6885798A}"
EndProject
Project("{FAE04EC0-301F-11D3-BF4B-00C04F79EFBC}") = "UnityEngine.SharedInternalsModule", "UnityEngine.SharedInternalsModule\UnityEngine.SharedInternalsModule.csproj", "{6F8DAB99-2302-404C-AC7D-0ACE6885798B}"
EndProject
Project("{FAE04EC0-301F-11D3-BF4B-00C04F79EFBC}") = "UnityEngine.SpatialTracking", "UnityEngine.SpatialTracking\UnityEngine.SpatialTracking.csproj", "{6F8DAB99-2302-404C-AC7D-0ACE6885798C}"
EndProject
Project("{FAE04EC0-301F-11D3-BF4B-00C04F79EFBC}") = "UnityEngine.SpriteMaskModule", "UnityEngine.SpriteMaskModule\UnityEngine.SpriteMaskModule.csproj", "{6F8DAB99-2302-404C-AC7D-0ACE6885798D}"
EndProject
Project("{FAE04EC0-301F-11D3-BF4B-00C04F79EFBC}") = "UnityEngine.SpriteShapeModule", "UnityEngine.SpriteShapeModule\UnityEngine.SpriteShapeModule.csproj", "{6F8DAB99-2302-404C-AC7D-0ACE6885798E}"
EndProject
Project("{FAE04EC0-301F-11D3-BF4B-00C04F79EFBC}") = "UnityEngine.StandardEvents", "UnityEngine.StandardEvents\UnityEngine.StandardEvents.csproj", "{6F8DAB99-2302-404C-AC7D-0ACE6885798F}"
EndProject
Project("{FAE04EC0-301F-11D3-BF4B-00C04F79EFBC}") = "UnityEngine.StyleSheetsModule", "UnityEngine.StyleSheetsModule\UnityEngine.StyleSheetsModule.csproj", "{6F8DAB99-2302-404C-AC7D-0ACE68857990}"
EndProject
Project("{FAE04EC0-301F-11D3-BF4B-00C04F79EFBC}") = "UnityEngine.TerrainModule", "UnityEngine.TerrainModule\UnityEngine.TerrainModule.csproj", "{6F8DAB99-2302-404C-AC7D-0ACE68857991}"
EndProject
Project("{FAE04EC0-301F-11D3-BF4B-00C04F79EFBC}") = "UnityEngine.TerrainPhysicsModule", "UnityEngine.TerrainPhysicsModule\UnityEngine.TerrainPhysicsModule.csproj", "{6F8DAB99-2302-404C-AC7D-0ACE68857992}"
EndProject
Project("{FAE04EC0-301F-11D3-BF4B-00C04F79EFBC}") = "UnityEngine.TextRenderingModule", "UnityEngine.TextRenderingModule\UnityEngine.TextRenderingModule.csproj", "{6F8DAB99-2302-404C-AC7D-0ACE68857993}"
EndProject
Project("{FAE04EC0-301F-11D3-BF4B-00C04F79EFBC}") = "UnityEngine.TilemapModule", "UnityEngine.TilemapModule\UnityEngine.TilemapModule.csproj", "{6F8DAB99-2302-404C-AC7D-0ACE68857994}"
EndProject
Project("{FAE04EC0-301F-11D3-BF4B-00C04F79EFBC}") = "UnityEngine.Timeline", "UnityEngine.Timeline\UnityEngine.Timeline.csproj", "{6F8DAB99-2302-404C-AC7D-0ACE68857995}"
EndProject
Project("{FAE04EC0-301F-11D3-BF4B-00C04F79EFBC}") = "UnityEngine.UIElementsModule", "UnityEngine.UIElementsModule\UnityEngine.UIElementsModule.csproj", "{6F8DAB99-2302-404C-AC7D-0ACE68857997}"
EndProject
Project("{FAE04EC0-301F-11D3-BF4B-00C04F79EFBC}") = "UnityEngine.UIModule", "UnityEngine.UIModule\UnityEngine.UIModule.csproj", "{6F8DAB99-2302-404C-AC7D-0ACE68857998}"
EndProject
Project("{FAE04EC0-301F-11D3-BF4B-00C04F79EFBC}") = "UnityEngine.UI", "UnityEngine.UI\UnityEngine.UI.csproj", "{6F8DAB99-2302-404C-AC7D-0ACE68857996}"
EndProject
Project("{FAE04EC0-301F-11D3-BF4B-00C04F79EFBC}") = "UnityEngine.UNETModule", "UnityEngine.UNETModule\UnityEngine.UNETModule.csproj", "{6F8DAB99-2302-404C-AC7D-0ACE68857999}"
EndProject
Project("{FAE04EC0-301F-11D3-BF4B-00C04F79EFBC}") = "UnityEngine.UnityAnalyticsModule", "UnityEngine.UnityAnalyticsModule\UnityEngine.UnityAnalyticsModule.csproj", "{6F8DAB99-2302-404C-AC7D-0ACE6885799A}"
EndProject
Project("{FAE04EC0-301F-11D3-BF4B-00C04F79EFBC}") = "UnityEngine.UnityConnectModule", "UnityEngine.UnityConnectModule\UnityEngine.UnityConnectModule.csproj", "{6F8DAB99-2302-404C-AC7D-0ACE6885799B}"
EndProject
Project("{FAE04EC0-301F-11D3-BF4B-00C04F79EFBC}") = "UnityEngine.UnityWebRequestAudioModule", "UnityEngine.UnityWebRequestAudioModule\UnityEngine.UnityWebRequestAudioModule.csproj", "{6F8DAB99-2302-404C-AC7D-0ACE6885799C}"
EndProject
Project("{FAE04EC0-301F-11D3-BF4B-00C04F79EFBC}") = "UnityEngine.UnityWebRequestModule", "UnityEngine.UnityWebRequestModule\UnityEngine.UnityWebRequestModule.csproj", "{6F8DAB99-2302-404C-AC7D-0ACE6885799D}"
EndProject
Project("{FAE04EC0-301F-11D3-BF4B-00C04F79EFBC}") = "UnityEngine.UnityWebRequestTextureModule", "UnityEngine.UnityWebRequestTextureModule\UnityEngine.UnityWebRequestTextureModule.csproj", "{6F8DAB99-2302-404C-AC7D-0ACE6885799E}"
EndProject
Project("{FAE04EC0-301F-11D3-BF4B-00C04F79EFBC}") = "UnityEngine.UnityWebRequestWWWModule", "UnityEngine.UnityWebRequestWWWModule\UnityEngine.UnityWebRequestWWWModule.csproj", "{6F8DAB99-2302-404C-AC7D-0ACE6885799F}"
EndProject
Project("{FAE04EC0-301F-11D3-BF4B-00C04F79EFBC}") = "UnityEngine.VehiclesModule", "UnityEngine.VehiclesModule\UnityEngine.VehiclesModule.csproj", "{6F8DAB99-2302-404C-AC7D-0ACE688579A0}"
EndProject
Project("{FAE04EC0-301F-11D3-BF4B-00C04F79EFBC}") = "UnityEngine.VideoModule", "UnityEngine.VideoModule\UnityEngine.VideoModule.csproj", "{6F8DAB99-2302-404C-AC7D-0ACE688579A1}"
EndProject
Project("{FAE04EC0-301F-11D3-BF4B-00C04F79EFBC}") = "UnityEngine.VRModule", "UnityEngine.VRModule\UnityEngine.VRModule.csproj", "{6F8DAB99-2302-404C-AC7D-0ACE688579A2}"
EndProject
Project("{FAE04EC0-301F-11D3-BF4B-00C04F79EFBC}") = "UnityEngine.WebModule", "UnityEngine.WebModule\UnityEngine.WebModule.csproj", "{6F8DAB99-2302-404C-AC7D-0ACE688579A3}"
EndProject
Project("{FAE04EC0-301F-11D3-BF4B-00C04F79EFBC}") = "UnityEngine.WindModule", "UnityEngine.WindModule\UnityEngine.WindModule.csproj", "{6F8DAB99-2302-404C-AC7D-0ACE688579A4}"
EndProject
Project("{FAE04EC0-301F-11D3-BF4B-00C04F79EFBC}") = "UnityEngine", "UnityEngine\UnityEngine.csproj", "{6F8DAB99-2302-404C-AC7D-0ACE6885797D}"
EndProject
Project("{FAE04EC0-301F-11D3-BF4B-00C04F79EFBC}") = "websocket-sharp", "websocket-sharp\websocket-sharp.csproj", "{6F8DAB99-2302-404C-AC7D-0ACE688579A5}"
EndProject
Global
	GlobalSection(SolutionConfigurationPlatforms) = preSolution
		Debug|Any CPU = Debug|Any CPU
		Debug|Mixed Platforms = Debug|Mixed Platforms
		Debug|x64 = Debug|x64
		Release|Any CPU = Release|Any CPU
		Release|Mixed Platforms = Release|Mixed Platforms
		Release|x64 = Release|x64
	EndGlobalSection
	GlobalSection(ProjectConfigurationPlatforms) = postSolution
		{6F8DAB99-2302-404C-AC7D-0ACE68857965}.Debug|Any CPU.ActiveCfg = Debug|Any CPU
		{6F8DAB99-2302-404C-AC7D-0ACE68857965}.Debug|Any CPU.Build.0 = Debug|Any CPU
		{6F8DAB99-2302-404C-AC7D-0ACE68857965}.Debug|Mixed Platforms.ActiveCfg = Debug|Any CPU
		{6F8DAB99-2302-404C-AC7D-0ACE68857965}.Debug|Mixed Platforms.Build.0 = Debug|Any CPU
		{6F8DAB99-2302-404C-AC7D-0ACE68857965}.Debug|x64.ActiveCfg = Debug|Any CPU
		{6F8DAB99-2302-404C-AC7D-0ACE68857965}.Debug|x64.Build.0 = Debug|Any CPU
		{6F8DAB99-2302-404C-AC7D-0ACE68857965}.Release|Any CPU.ActiveCfg = Release|Any CPU
		{6F8DAB99-2302-404C-AC7D-0ACE68857965}.Release|Any CPU.Build.0 = Release|Any CPU
		{6F8DAB99-2302-404C-AC7D-0ACE68857965}.Release|Mixed Platforms.ActiveCfg = Release|Any CPU
		{6F8DAB99-2302-404C-AC7D-0ACE68857965}.Release|Mixed Platforms.Build.0 = Release|Any CPU
		{6F8DAB99-2302-404C-AC7D-0ACE68857965}.Release|x64.ActiveCfg = Release|Any CPU
		{6F8DAB99-2302-404C-AC7D-0ACE68857965}.Release|x64.Build.0 = Release|Any CPU
		{6F8DAB99-2302-404C-AC7D-0ACE68857964}.Debug|Any CPU.ActiveCfg = Debug|Any CPU
		{6F8DAB99-2302-404C-AC7D-0ACE68857964}.Debug|Any CPU.Build.0 = Debug|Any CPU
		{6F8DAB99-2302-404C-AC7D-0ACE68857964}.Debug|Mixed Platforms.ActiveCfg = Debug|Any CPU
		{6F8DAB99-2302-404C-AC7D-0ACE68857964}.Debug|Mixed Platforms.Build.0 = Debug|Any CPU
		{6F8DAB99-2302-404C-AC7D-0ACE68857964}.Debug|x64.ActiveCfg = Debug|Any CPU
		{6F8DAB99-2302-404C-AC7D-0ACE68857964}.Debug|x64.Build.0 = Debug|Any CPU
		{6F8DAB99-2302-404C-AC7D-0ACE68857964}.Release|Any CPU.ActiveCfg = Release|Any CPU
		{6F8DAB99-2302-404C-AC7D-0ACE68857964}.Release|Any CPU.Build.0 = Release|Any CPU
		{6F8DAB99-2302-404C-AC7D-0ACE68857964}.Release|Mixed Platforms.ActiveCfg = Release|Any CPU
		{6F8DAB99-2302-404C-AC7D-0ACE68857964}.Release|Mixed Platforms.Build.0 = Release|Any CPU
		{6F8DAB99-2302-404C-AC7D-0ACE68857964}.Release|x64.ActiveCfg = Release|Any CPU
		{6F8DAB99-2302-404C-AC7D-0ACE68857964}.Release|x64.Build.0 = Release|Any CPU
		{6F8DAB99-2302-404C-AC7D-0ACE68857966}.Debug|Any CPU.ActiveCfg = Debug|Any CPU
		{6F8DAB99-2302-404C-AC7D-0ACE68857966}.Debug|Any CPU.Build.0 = Debug|Any CPU
		{6F8DAB99-2302-404C-AC7D-0ACE68857966}.Debug|Mixed Platforms.ActiveCfg = Debug|Any CPU
		{6F8DAB99-2302-404C-AC7D-0ACE68857966}.Debug|Mixed Platforms.Build.0 = Debug|Any CPU
		{6F8DAB99-2302-404C-AC7D-0ACE68857966}.Debug|x64.ActiveCfg = Debug|Any CPU
		{6F8DAB99-2302-404C-AC7D-0ACE68857966}.Debug|x64.Build.0 = Debug|Any CPU
		{6F8DAB99-2302-404C-AC7D-0ACE68857966}.Release|Any CPU.ActiveCfg = Release|Any CPU
		{6F8DAB99-2302-404C-AC7D-0ACE68857966}.Release|Any CPU.Build.0 = Release|Any CPU
		{6F8DAB99-2302-404C-AC7D-0ACE68857966}.Release|Mixed Platforms.ActiveCfg = Release|Any CPU
		{6F8DAB99-2302-404C-AC7D-0ACE68857966}.Release|Mixed Platforms.Build.0 = Release|Any CPU
		{6F8DAB99-2302-404C-AC7D-0ACE68857966}.Release|x64.ActiveCfg = Release|Any CPU
		{6F8DAB99-2302-404C-AC7D-0ACE68857966}.Release|x64.Build.0 = Release|Any CPU
		{6F8DAB99-2302-404C-AC7D-0ACE68857967}.Debug|Any CPU.ActiveCfg = Debug|Any CPU
		{6F8DAB99-2302-404C-AC7D-0ACE68857967}.Debug|Any CPU.Build.0 = Debug|Any CPU
		{6F8DAB99-2302-404C-AC7D-0ACE68857967}.Debug|Mixed Platforms.ActiveCfg = Debug|Any CPU
		{6F8DAB99-2302-404C-AC7D-0ACE68857967}.Debug|Mixed Platforms.Build.0 = Debug|Any CPU
		{6F8DAB99-2302-404C-AC7D-0ACE68857967}.Debug|x64.ActiveCfg = Debug|Any CPU
		{6F8DAB99-2302-404C-AC7D-0ACE68857967}.Debug|x64.Build.0 = Debug|Any CPU
		{6F8DAB99-2302-404C-AC7D-0ACE68857967}.Release|Any CPU.ActiveCfg = Release|Any CPU
		{6F8DAB99-2302-404C-AC7D-0ACE68857967}.Release|Any CPU.Build.0 = Release|Any CPU
		{6F8DAB99-2302-404C-AC7D-0ACE68857967}.Release|Mixed Platforms.ActiveCfg = Release|Any CPU
		{6F8DAB99-2302-404C-AC7D-0ACE68857967}.Release|Mixed Platforms.Build.0 = Release|Any CPU
		{6F8DAB99-2302-404C-AC7D-0ACE68857967}.Release|x64.ActiveCfg = Release|Any CPU
		{6F8DAB99-2302-404C-AC7D-0ACE68857967}.Release|x64.Build.0 = Release|Any CPU
		{6F8DAB99-2302-404C-AC7D-0ACE68857969}.Debug|Any CPU.ActiveCfg = Debug|Any CPU
		{6F8DAB99-2302-404C-AC7D-0ACE68857969}.Debug|Any CPU.Build.0 = Debug|Any CPU
		{6F8DAB99-2302-404C-AC7D-0ACE68857969}.Debug|Mixed Platforms.ActiveCfg = Debug|Any CPU
		{6F8DAB99-2302-404C-AC7D-0ACE68857969}.Debug|Mixed Platforms.Build.0 = Debug|Any CPU
		{6F8DAB99-2302-404C-AC7D-0ACE68857969}.Debug|x64.ActiveCfg = Debug|Any CPU
		{6F8DAB99-2302-404C-AC7D-0ACE68857969}.Debug|x64.Build.0 = Debug|Any CPU
		{6F8DAB99-2302-404C-AC7D-0ACE68857969}.Release|Any CPU.ActiveCfg = Release|Any CPU
		{6F8DAB99-2302-404C-AC7D-0ACE68857969}.Release|Any CPU.Build.0 = Release|Any CPU
		{6F8DAB99-2302-404C-AC7D-0ACE68857969}.Release|Mixed Platforms.ActiveCfg = Release|Any CPU
		{6F8DAB99-2302-404C-AC7D-0ACE68857969}.Release|Mixed Platforms.Build.0 = Release|Any CPU
		{6F8DAB99-2302-404C-AC7D-0ACE68857969}.Release|x64.ActiveCfg = Release|Any CPU
		{6F8DAB99-2302-404C-AC7D-0ACE68857969}.Release|x64.Build.0 = Release|Any CPU
		{6F8DAB99-2302-404C-AC7D-0ACE68857968}.Debug|Any CPU.ActiveCfg = Debug|Any CPU
		{6F8DAB99-2302-404C-AC7D-0ACE68857968}.Debug|Any CPU.Build.0 = Debug|Any CPU
		{6F8DAB99-2302-404C-AC7D-0ACE68857968}.Debug|Mixed Platforms.ActiveCfg = Debug|Any CPU
		{6F8DAB99-2302-404C-AC7D-0ACE68857968}.Debug|Mixed Platforms.Build.0 = Debug|Any CPU
		{6F8DAB99-2302-404C-AC7D-0ACE68857968}.Debug|x64.ActiveCfg = Debug|Any CPU
		{6F8DAB99-2302-404C-AC7D-0ACE68857968}.Debug|x64.Build.0 = Debug|Any CPU
		{6F8DAB99-2302-404C-AC7D-0ACE68857968}.Release|Any CPU.ActiveCfg = Release|Any CPU
		{6F8DAB99-2302-404C-AC7D-0ACE68857968}.Release|Any CPU.Build.0 = Release|Any CPU
		{6F8DAB99-2302-404C-AC7D-0ACE68857968}.Release|Mixed Platforms.ActiveCfg = Release|Any CPU
		{6F8DAB99-2302-404C-AC7D-0ACE68857968}.Release|Mixed Platforms.Build.0 = Release|Any CPU
		{6F8DAB99-2302-404C-AC7D-0ACE68857968}.Release|x64.ActiveCfg = Release|Any CPU
		{6F8DAB99-2302-404C-AC7D-0ACE68857968}.Release|x64.Build.0 = Release|Any CPU
		{6F8DAB99-2302-404C-AC7D-0ACE6885796A}.Debug|Any CPU.ActiveCfg = Debug|Any CPU
		{6F8DAB99-2302-404C-AC7D-0ACE6885796A}.Debug|Any CPU.Build.0 = Debug|Any CPU
		{6F8DAB99-2302-404C-AC7D-0ACE6885796A}.Debug|Mixed Platforms.ActiveCfg = Debug|Any CPU
		{6F8DAB99-2302-404C-AC7D-0ACE6885796A}.Debug|Mixed Platforms.Build.0 = Debug|Any CPU
		{6F8DAB99-2302-404C-AC7D-0ACE6885796A}.Debug|x64.ActiveCfg = Debug|Any CPU
		{6F8DAB99-2302-404C-AC7D-0ACE6885796A}.Debug|x64.Build.0 = Debug|Any CPU
		{6F8DAB99-2302-404C-AC7D-0ACE6885796A}.Release|Any CPU.ActiveCfg = Release|Any CPU
		{6F8DAB99-2302-404C-AC7D-0ACE6885796A}.Release|Any CPU.Build.0 = Release|Any CPU
		{6F8DAB99-2302-404C-AC7D-0ACE6885796A}.Release|Mixed Platforms.ActiveCfg = Release|Any CPU
		{6F8DAB99-2302-404C-AC7D-0ACE6885796A}.Release|Mixed Platforms.Build.0 = Release|Any CPU
		{6F8DAB99-2302-404C-AC7D-0ACE6885796A}.Release|x64.ActiveCfg = Release|Any CPU
		{6F8DAB99-2302-404C-AC7D-0ACE6885796A}.Release|x64.Build.0 = Release|Any CPU
		{6F8DAB99-2302-404C-AC7D-0ACE6885796B}.Debug|Any CPU.ActiveCfg = Debug|Any CPU
		{6F8DAB99-2302-404C-AC7D-0ACE6885796B}.Debug|Any CPU.Build.0 = Debug|Any CPU
		{6F8DAB99-2302-404C-AC7D-0ACE6885796B}.Debug|Mixed Platforms.ActiveCfg = Debug|Any CPU
		{6F8DAB99-2302-404C-AC7D-0ACE6885796B}.Debug|Mixed Platforms.Build.0 = Debug|Any CPU
		{6F8DAB99-2302-404C-AC7D-0ACE6885796B}.Debug|x64.ActiveCfg = Debug|Any CPU
		{6F8DAB99-2302-404C-AC7D-0ACE6885796B}.Debug|x64.Build.0 = Debug|Any CPU
		{6F8DAB99-2302-404C-AC7D-0ACE6885796B}.Release|Any CPU.ActiveCfg = Release|Any CPU
		{6F8DAB99-2302-404C-AC7D-0ACE6885796B}.Release|Any CPU.Build.0 = Release|Any CPU
		{6F8DAB99-2302-404C-AC7D-0ACE6885796B}.Release|Mixed Platforms.ActiveCfg = Release|Any CPU
		{6F8DAB99-2302-404C-AC7D-0ACE6885796B}.Release|Mixed Platforms.Build.0 = Release|Any CPU
		{6F8DAB99-2302-404C-AC7D-0ACE6885796B}.Release|x64.ActiveCfg = Release|Any CPU
		{6F8DAB99-2302-404C-AC7D-0ACE6885796B}.Release|x64.Build.0 = Release|Any CPU
		{6F8DAB99-2302-404C-AC7D-0ACE6885796C}.Debug|Any CPU.ActiveCfg = Debug|Any CPU
		{6F8DAB99-2302-404C-AC7D-0ACE6885796C}.Debug|Any CPU.Build.0 = Debug|Any CPU
		{6F8DAB99-2302-404C-AC7D-0ACE6885796C}.Debug|Mixed Platforms.ActiveCfg = Debug|Any CPU
		{6F8DAB99-2302-404C-AC7D-0ACE6885796C}.Debug|Mixed Platforms.Build.0 = Debug|Any CPU
		{6F8DAB99-2302-404C-AC7D-0ACE6885796C}.Debug|x64.ActiveCfg = Debug|Any CPU
		{6F8DAB99-2302-404C-AC7D-0ACE6885796C}.Debug|x64.Build.0 = Debug|Any CPU
		{6F8DAB99-2302-404C-AC7D-0ACE6885796C}.Release|Any CPU.ActiveCfg = Release|Any CPU
		{6F8DAB99-2302-404C-AC7D-0ACE6885796C}.Release|Any CPU.Build.0 = Release|Any CPU
		{6F8DAB99-2302-404C-AC7D-0ACE6885796C}.Release|Mixed Platforms.ActiveCfg = Release|Any CPU
		{6F8DAB99-2302-404C-AC7D-0ACE6885796C}.Release|Mixed Platforms.Build.0 = Release|Any CPU
		{6F8DAB99-2302-404C-AC7D-0ACE6885796C}.Release|x64.ActiveCfg = Release|Any CPU
		{6F8DAB99-2302-404C-AC7D-0ACE6885796C}.Release|x64.Build.0 = Release|Any CPU
		{6F8DAB99-2302-404C-AC7D-0ACE6885796D}.Debug|Any CPU.ActiveCfg = Debug|Any CPU
		{6F8DAB99-2302-404C-AC7D-0ACE6885796D}.Debug|Any CPU.Build.0 = Debug|Any CPU
		{6F8DAB99-2302-404C-AC7D-0ACE6885796D}.Debug|Mixed Platforms.ActiveCfg = Debug|Any CPU
		{6F8DAB99-2302-404C-AC7D-0ACE6885796D}.Debug|Mixed Platforms.Build.0 = Debug|Any CPU
		{6F8DAB99-2302-404C-AC7D-0ACE6885796D}.Debug|x64.ActiveCfg = Debug|Any CPU
		{6F8DAB99-2302-404C-AC7D-0ACE6885796D}.Debug|x64.Build.0 = Debug|Any CPU
		{6F8DAB99-2302-404C-AC7D-0ACE6885796D}.Release|Any CPU.ActiveCfg = Release|Any CPU
		{6F8DAB99-2302-404C-AC7D-0ACE6885796D}.Release|Any CPU.Build.0 = Release|Any CPU
		{6F8DAB99-2302-404C-AC7D-0ACE6885796D}.Release|Mixed Platforms.ActiveCfg = Release|Any CPU
		{6F8DAB99-2302-404C-AC7D-0ACE6885796D}.Release|Mixed Platforms.Build.0 = Release|Any CPU
		{6F8DAB99-2302-404C-AC7D-0ACE6885796D}.Release|x64.ActiveCfg = Release|Any CPU
		{6F8DAB99-2302-404C-AC7D-0ACE6885796D}.Release|x64.Build.0 = Release|Any CPU
		{6F8DAB99-2302-404C-AC7D-0ACE6885796E}.Debug|Any CPU.ActiveCfg = Debug|x64
		{6F8DAB99-2302-404C-AC7D-0ACE6885796E}.Debug|Any CPU.Build.0 = Debug|x64
		{6F8DAB99-2302-404C-AC7D-0ACE6885796E}.Debug|Mixed Platforms.ActiveCfg = Debug|x64
		{6F8DAB99-2302-404C-AC7D-0ACE6885796E}.Debug|Mixed Platforms.Build.0 = Debug|x64
		{6F8DAB99-2302-404C-AC7D-0ACE6885796E}.Debug|x64.ActiveCfg = Debug|x64
		{6F8DAB99-2302-404C-AC7D-0ACE6885796E}.Debug|x64.Build.0 = Debug|x64
		{6F8DAB99-2302-404C-AC7D-0ACE6885796E}.Release|Any CPU.ActiveCfg = Release|x64
		{6F8DAB99-2302-404C-AC7D-0ACE6885796E}.Release|Any CPU.Build.0 = Release|x64
		{6F8DAB99-2302-404C-AC7D-0ACE6885796E}.Release|Mixed Platforms.ActiveCfg = Release|x64
		{6F8DAB99-2302-404C-AC7D-0ACE6885796E}.Release|Mixed Platforms.Build.0 = Release|x64
		{6F8DAB99-2302-404C-AC7D-0ACE6885796E}.Release|x64.ActiveCfg = Release|x64
		{6F8DAB99-2302-404C-AC7D-0ACE6885796E}.Release|x64.Build.0 = Release|x64
		{6F8DAB99-2302-404C-AC7D-0ACE6885796F}.Debug|Any CPU.ActiveCfg = Debug|Any CPU
		{6F8DAB99-2302-404C-AC7D-0ACE6885796F}.Debug|Any CPU.Build.0 = Debug|Any CPU
		{6F8DAB99-2302-404C-AC7D-0ACE6885796F}.Debug|Mixed Platforms.ActiveCfg = Debug|Any CPU
		{6F8DAB99-2302-404C-AC7D-0ACE6885796F}.Debug|Mixed Platforms.Build.0 = Debug|Any CPU
		{6F8DAB99-2302-404C-AC7D-0ACE6885796F}.Debug|x64.ActiveCfg = Debug|Any CPU
		{6F8DAB99-2302-404C-AC7D-0ACE6885796F}.Debug|x64.Build.0 = Debug|Any CPU
		{6F8DAB99-2302-404C-AC7D-0ACE6885796F}.Release|Any CPU.ActiveCfg = Release|Any CPU
		{6F8DAB99-2302-404C-AC7D-0ACE6885796F}.Release|Any CPU.Build.0 = Release|Any CPU
		{6F8DAB99-2302-404C-AC7D-0ACE6885796F}.Release|Mixed Platforms.ActiveCfg = Release|Any CPU
		{6F8DAB99-2302-404C-AC7D-0ACE6885796F}.Release|Mixed Platforms.Build.0 = Release|Any CPU
		{6F8DAB99-2302-404C-AC7D-0ACE6885796F}.Release|x64.ActiveCfg = Release|Any CPU
		{6F8DAB99-2302-404C-AC7D-0ACE6885796F}.Release|x64.Build.0 = Release|Any CPU
		{6F8DAB99-2302-404C-AC7D-0ACE68857971}.Debug|Any CPU.ActiveCfg = Debug|Any CPU
		{6F8DAB99-2302-404C-AC7D-0ACE68857971}.Debug|Any CPU.Build.0 = Debug|Any CPU
		{6F8DAB99-2302-404C-AC7D-0ACE68857971}.Debug|Mixed Platforms.ActiveCfg = Debug|Any CPU
		{6F8DAB99-2302-404C-AC7D-0ACE68857971}.Debug|Mixed Platforms.Build.0 = Debug|Any CPU
		{6F8DAB99-2302-404C-AC7D-0ACE68857971}.Debug|x64.ActiveCfg = Debug|Any CPU
		{6F8DAB99-2302-404C-AC7D-0ACE68857971}.Debug|x64.Build.0 = Debug|Any CPU
		{6F8DAB99-2302-404C-AC7D-0ACE68857971}.Release|Any CPU.ActiveCfg = Release|Any CPU
		{6F8DAB99-2302-404C-AC7D-0ACE68857971}.Release|Any CPU.Build.0 = Release|Any CPU
		{6F8DAB99-2302-404C-AC7D-0ACE68857971}.Release|Mixed Platforms.ActiveCfg = Release|Any CPU
		{6F8DAB99-2302-404C-AC7D-0ACE68857971}.Release|Mixed Platforms.Build.0 = Release|Any CPU
		{6F8DAB99-2302-404C-AC7D-0ACE68857971}.Release|x64.ActiveCfg = Release|Any CPU
		{6F8DAB99-2302-404C-AC7D-0ACE68857971}.Release|x64.Build.0 = Release|Any CPU
		{6F8DAB99-2302-404C-AC7D-0ACE68857970}.Debug|Any CPU.ActiveCfg = Debug|Any CPU
		{6F8DAB99-2302-404C-AC7D-0ACE68857970}.Debug|Any CPU.Build.0 = Debug|Any CPU
		{6F8DAB99-2302-404C-AC7D-0ACE68857970}.Debug|Mixed Platforms.ActiveCfg = Debug|Any CPU
		{6F8DAB99-2302-404C-AC7D-0ACE68857970}.Debug|Mixed Platforms.Build.0 = Debug|Any CPU
		{6F8DAB99-2302-404C-AC7D-0ACE68857970}.Debug|x64.ActiveCfg = Debug|Any CPU
		{6F8DAB99-2302-404C-AC7D-0ACE68857970}.Debug|x64.Build.0 = Debug|Any CPU
		{6F8DAB99-2302-404C-AC7D-0ACE68857970}.Release|Any CPU.ActiveCfg = Release|Any CPU
		{6F8DAB99-2302-404C-AC7D-0ACE68857970}.Release|Any CPU.Build.0 = Release|Any CPU
		{6F8DAB99-2302-404C-AC7D-0ACE68857970}.Release|Mixed Platforms.ActiveCfg = Release|Any CPU
		{6F8DAB99-2302-404C-AC7D-0ACE68857970}.Release|Mixed Platforms.Build.0 = Release|Any CPU
		{6F8DAB99-2302-404C-AC7D-0ACE68857970}.Release|x64.ActiveCfg = Release|Any CPU
		{6F8DAB99-2302-404C-AC7D-0ACE68857970}.Release|x64.Build.0 = Release|Any CPU
		{6F8DAB99-2302-404C-AC7D-0ACE68857972}.Debug|Any CPU.ActiveCfg = Debug|Any CPU
		{6F8DAB99-2302-404C-AC7D-0ACE68857972}.Debug|Any CPU.Build.0 = Debug|Any CPU
		{6F8DAB99-2302-404C-AC7D-0ACE68857972}.Debug|Mixed Platforms.ActiveCfg = Debug|Any CPU
		{6F8DAB99-2302-404C-AC7D-0ACE68857972}.Debug|Mixed Platforms.Build.0 = Debug|Any CPU
		{6F8DAB99-2302-404C-AC7D-0ACE68857972}.Debug|x64.ActiveCfg = Debug|Any CPU
		{6F8DAB99-2302-404C-AC7D-0ACE68857972}.Debug|x64.Build.0 = Debug|Any CPU
		{6F8DAB99-2302-404C-AC7D-0ACE68857972}.Release|Any CPU.ActiveCfg = Release|Any CPU
		{6F8DAB99-2302-404C-AC7D-0ACE68857972}.Release|Any CPU.Build.0 = Release|Any CPU
		{6F8DAB99-2302-404C-AC7D-0ACE68857972}.Release|Mixed Platforms.ActiveCfg = Release|Any CPU
		{6F8DAB99-2302-404C-AC7D-0ACE68857972}.Release|Mixed Platforms.Build.0 = Release|Any CPU
		{6F8DAB99-2302-404C-AC7D-0ACE68857972}.Release|x64.ActiveCfg = Release|Any CPU
		{6F8DAB99-2302-404C-AC7D-0ACE68857972}.Release|x64.Build.0 = Release|Any CPU
		{6F8DAB99-2302-404C-AC7D-0ACE68857973}.Debug|Any CPU.ActiveCfg = Debug|Any CPU
		{6F8DAB99-2302-404C-AC7D-0ACE68857973}.Debug|Any CPU.Build.0 = Debug|Any CPU
		{6F8DAB99-2302-404C-AC7D-0ACE68857973}.Debug|Mixed Platforms.ActiveCfg = Debug|Any CPU
		{6F8DAB99-2302-404C-AC7D-0ACE68857973}.Debug|Mixed Platforms.Build.0 = Debug|Any CPU
		{6F8DAB99-2302-404C-AC7D-0ACE68857973}.Debug|x64.ActiveCfg = Debug|Any CPU
		{6F8DAB99-2302-404C-AC7D-0ACE68857973}.Debug|x64.Build.0 = Debug|Any CPU
		{6F8DAB99-2302-404C-AC7D-0ACE68857973}.Release|Any CPU.ActiveCfg = Release|Any CPU
		{6F8DAB99-2302-404C-AC7D-0ACE68857973}.Release|Any CPU.Build.0 = Release|Any CPU
		{6F8DAB99-2302-404C-AC7D-0ACE68857973}.Release|Mixed Platforms.ActiveCfg = Release|Any CPU
		{6F8DAB99-2302-404C-AC7D-0ACE68857973}.Release|Mixed Platforms.Build.0 = Release|Any CPU
		{6F8DAB99-2302-404C-AC7D-0ACE68857973}.Release|x64.ActiveCfg = Release|Any CPU
		{6F8DAB99-2302-404C-AC7D-0ACE68857973}.Release|x64.Build.0 = Release|Any CPU
		{6F8DAB99-2302-404C-AC7D-0ACE68857974}.Debug|Any CPU.ActiveCfg = Debug|Any CPU
		{6F8DAB99-2302-404C-AC7D-0ACE68857974}.Debug|Any CPU.Build.0 = Debug|Any CPU
		{6F8DAB99-2302-404C-AC7D-0ACE68857974}.Debug|Mixed Platforms.ActiveCfg = Debug|Any CPU
		{6F8DAB99-2302-404C-AC7D-0ACE68857974}.Debug|Mixed Platforms.Build.0 = Debug|Any CPU
		{6F8DAB99-2302-404C-AC7D-0ACE68857974}.Debug|x64.ActiveCfg = Debug|Any CPU
		{6F8DAB99-2302-404C-AC7D-0ACE68857974}.Debug|x64.Build.0 = Debug|Any CPU
		{6F8DAB99-2302-404C-AC7D-0ACE68857974}.Release|Any CPU.ActiveCfg = Release|Any CPU
		{6F8DAB99-2302-404C-AC7D-0ACE68857974}.Release|Any CPU.Build.0 = Release|Any CPU
		{6F8DAB99-2302-404C-AC7D-0ACE68857974}.Release|Mixed Platforms.ActiveCfg = Release|Any CPU
		{6F8DAB99-2302-404C-AC7D-0ACE68857974}.Release|Mixed Platforms.Build.0 = Release|Any CPU
		{6F8DAB99-2302-404C-AC7D-0ACE68857974}.Release|x64.ActiveCfg = Release|Any CPU
		{6F8DAB99-2302-404C-AC7D-0ACE68857974}.Release|x64.Build.0 = Release|Any CPU
		{6F8DAB99-2302-404C-AC7D-0ACE68857975}.Debug|Any CPU.ActiveCfg = Debug|Any CPU
		{6F8DAB99-2302-404C-AC7D-0ACE68857975}.Debug|Any CPU.Build.0 = Debug|Any CPU
		{6F8DAB99-2302-404C-AC7D-0ACE68857975}.Debug|Mixed Platforms.ActiveCfg = Debug|Any CPU
		{6F8DAB99-2302-404C-AC7D-0ACE68857975}.Debug|Mixed Platforms.Build.0 = Debug|Any CPU
		{6F8DAB99-2302-404C-AC7D-0ACE68857975}.Debug|x64.ActiveCfg = Debug|Any CPU
		{6F8DAB99-2302-404C-AC7D-0ACE68857975}.Debug|x64.Build.0 = Debug|Any CPU
		{6F8DAB99-2302-404C-AC7D-0ACE68857975}.Release|Any CPU.ActiveCfg = Release|Any CPU
		{6F8DAB99-2302-404C-AC7D-0ACE68857975}.Release|Any CPU.Build.0 = Release|Any CPU
		{6F8DAB99-2302-404C-AC7D-0ACE68857975}.Release|Mixed Platforms.ActiveCfg = Release|Any CPU
		{6F8DAB99-2302-404C-AC7D-0ACE68857975}.Release|Mixed Platforms.Build.0 = Release|Any CPU
		{6F8DAB99-2302-404C-AC7D-0ACE68857975}.Release|x64.ActiveCfg = Release|Any CPU
		{6F8DAB99-2302-404C-AC7D-0ACE68857975}.Release|x64.Build.0 = Release|Any CPU
		{6F8DAB99-2302-404C-AC7D-0ACE68857976}.Debug|Any CPU.ActiveCfg = Debug|Any CPU
		{6F8DAB99-2302-404C-AC7D-0ACE68857976}.Debug|Any CPU.Build.0 = Debug|Any CPU
		{6F8DAB99-2302-404C-AC7D-0ACE68857976}.Debug|Mixed Platforms.ActiveCfg = Debug|Any CPU
		{6F8DAB99-2302-404C-AC7D-0ACE68857976}.Debug|Mixed Platforms.Build.0 = Debug|Any CPU
		{6F8DAB99-2302-404C-AC7D-0ACE68857976}.Debug|x64.ActiveCfg = Debug|Any CPU
		{6F8DAB99-2302-404C-AC7D-0ACE68857976}.Debug|x64.Build.0 = Debug|Any CPU
		{6F8DAB99-2302-404C-AC7D-0ACE68857976}.Release|Any CPU.ActiveCfg = Release|Any CPU
		{6F8DAB99-2302-404C-AC7D-0ACE68857976}.Release|Any CPU.Build.0 = Release|Any CPU
		{6F8DAB99-2302-404C-AC7D-0ACE68857976}.Release|Mixed Platforms.ActiveCfg = Release|Any CPU
		{6F8DAB99-2302-404C-AC7D-0ACE68857976}.Release|Mixed Platforms.Build.0 = Release|Any CPU
		{6F8DAB99-2302-404C-AC7D-0ACE68857976}.Release|x64.ActiveCfg = Release|Any CPU
		{6F8DAB99-2302-404C-AC7D-0ACE68857976}.Release|x64.Build.0 = Release|Any CPU
		{6F8DAB99-2302-404C-AC7D-0ACE68857977}.Debug|Any CPU.ActiveCfg = Debug|Any CPU
		{6F8DAB99-2302-404C-AC7D-0ACE68857977}.Debug|Any CPU.Build.0 = Debug|Any CPU
		{6F8DAB99-2302-404C-AC7D-0ACE68857977}.Debug|Mixed Platforms.ActiveCfg = Debug|Any CPU
		{6F8DAB99-2302-404C-AC7D-0ACE68857977}.Debug|Mixed Platforms.Build.0 = Debug|Any CPU
		{6F8DAB99-2302-404C-AC7D-0ACE68857977}.Debug|x64.ActiveCfg = Debug|Any CPU
		{6F8DAB99-2302-404C-AC7D-0ACE68857977}.Debug|x64.Build.0 = Debug|Any CPU
		{6F8DAB99-2302-404C-AC7D-0ACE68857977}.Release|Any CPU.ActiveCfg = Release|Any CPU
		{6F8DAB99-2302-404C-AC7D-0ACE68857977}.Release|Any CPU.Build.0 = Release|Any CPU
		{6F8DAB99-2302-404C-AC7D-0ACE68857977}.Release|Mixed Platforms.ActiveCfg = Release|Any CPU
		{6F8DAB99-2302-404C-AC7D-0ACE68857977}.Release|Mixed Platforms.Build.0 = Release|Any CPU
		{6F8DAB99-2302-404C-AC7D-0ACE68857977}.Release|x64.ActiveCfg = Release|Any CPU
		{6F8DAB99-2302-404C-AC7D-0ACE68857977}.Release|x64.Build.0 = Release|Any CPU
		{6F8DAB99-2302-404C-AC7D-0ACE68857978}.Debug|Any CPU.ActiveCfg = Debug|Any CPU
		{6F8DAB99-2302-404C-AC7D-0ACE68857978}.Debug|Any CPU.Build.0 = Debug|Any CPU
		{6F8DAB99-2302-404C-AC7D-0ACE68857978}.Debug|Mixed Platforms.ActiveCfg = Debug|Any CPU
		{6F8DAB99-2302-404C-AC7D-0ACE68857978}.Debug|Mixed Platforms.Build.0 = Debug|Any CPU
		{6F8DAB99-2302-404C-AC7D-0ACE68857978}.Debug|x64.ActiveCfg = Debug|Any CPU
		{6F8DAB99-2302-404C-AC7D-0ACE68857978}.Debug|x64.Build.0 = Debug|Any CPU
		{6F8DAB99-2302-404C-AC7D-0ACE68857978}.Release|Any CPU.ActiveCfg = Release|Any CPU
		{6F8DAB99-2302-404C-AC7D-0ACE68857978}.Release|Any CPU.Build.0 = Release|Any CPU
		{6F8DAB99-2302-404C-AC7D-0ACE68857978}.Release|Mixed Platforms.ActiveCfg = Release|Any CPU
		{6F8DAB99-2302-404C-AC7D-0ACE68857978}.Release|Mixed Platforms.Build.0 = Release|Any CPU
		{6F8DAB99-2302-404C-AC7D-0ACE68857978}.Release|x64.ActiveCfg = Release|Any CPU
		{6F8DAB99-2302-404C-AC7D-0ACE68857978}.Release|x64.Build.0 = Release|Any CPU
		{6F8DAB99-2302-404C-AC7D-0ACE68857979}.Debug|Any CPU.ActiveCfg = Debug|Any CPU
		{6F8DAB99-2302-404C-AC7D-0ACE68857979}.Debug|Any CPU.Build.0 = Debug|Any CPU
		{6F8DAB99-2302-404C-AC7D-0ACE68857979}.Debug|Mixed Platforms.ActiveCfg = Debug|Any CPU
		{6F8DAB99-2302-404C-AC7D-0ACE68857979}.Debug|Mixed Platforms.Build.0 = Debug|Any CPU
		{6F8DAB99-2302-404C-AC7D-0ACE68857979}.Debug|x64.ActiveCfg = Debug|Any CPU
		{6F8DAB99-2302-404C-AC7D-0ACE68857979}.Debug|x64.Build.0 = Debug|Any CPU
		{6F8DAB99-2302-404C-AC7D-0ACE68857979}.Release|Any CPU.ActiveCfg = Release|Any CPU
		{6F8DAB99-2302-404C-AC7D-0ACE68857979}.Release|Any CPU.Build.0 = Release|Any CPU
		{6F8DAB99-2302-404C-AC7D-0ACE68857979}.Release|Mixed Platforms.ActiveCfg = Release|Any CPU
		{6F8DAB99-2302-404C-AC7D-0ACE68857979}.Release|Mixed Platforms.Build.0 = Release|Any CPU
		{6F8DAB99-2302-404C-AC7D-0ACE68857979}.Release|x64.ActiveCfg = Release|Any CPU
		{6F8DAB99-2302-404C-AC7D-0ACE68857979}.Release|x64.Build.0 = Release|Any CPU
		{6F8DAB99-2302-404C-AC7D-0ACE6885797A}.Debug|Any CPU.ActiveCfg = Debug|Any CPU
		{6F8DAB99-2302-404C-AC7D-0ACE6885797A}.Debug|Any CPU.Build.0 = Debug|Any CPU
		{6F8DAB99-2302-404C-AC7D-0ACE6885797A}.Debug|Mixed Platforms.ActiveCfg = Debug|Any CPU
		{6F8DAB99-2302-404C-AC7D-0ACE6885797A}.Debug|Mixed Platforms.Build.0 = Debug|Any CPU
		{6F8DAB99-2302-404C-AC7D-0ACE6885797A}.Debug|x64.ActiveCfg = Debug|Any CPU
		{6F8DAB99-2302-404C-AC7D-0ACE6885797A}.Debug|x64.Build.0 = Debug|Any CPU
		{6F8DAB99-2302-404C-AC7D-0ACE6885797A}.Release|Any CPU.ActiveCfg = Release|Any CPU
		{6F8DAB99-2302-404C-AC7D-0ACE6885797A}.Release|Any CPU.Build.0 = Release|Any CPU
		{6F8DAB99-2302-404C-AC7D-0ACE6885797A}.Release|Mixed Platforms.ActiveCfg = Release|Any CPU
		{6F8DAB99-2302-404C-AC7D-0ACE6885797A}.Release|Mixed Platforms.Build.0 = Release|Any CPU
		{6F8DAB99-2302-404C-AC7D-0ACE6885797A}.Release|x64.ActiveCfg = Release|Any CPU
		{6F8DAB99-2302-404C-AC7D-0ACE6885797A}.Release|x64.Build.0 = Release|Any CPU
		{6F8DAB99-2302-404C-AC7D-0ACE6885797B}.Debug|Any CPU.ActiveCfg = Debug|Any CPU
		{6F8DAB99-2302-404C-AC7D-0ACE6885797B}.Debug|Any CPU.Build.0 = Debug|Any CPU
		{6F8DAB99-2302-404C-AC7D-0ACE6885797B}.Debug|Mixed Platforms.ActiveCfg = Debug|Any CPU
		{6F8DAB99-2302-404C-AC7D-0ACE6885797B}.Debug|Mixed Platforms.Build.0 = Debug|Any CPU
		{6F8DAB99-2302-404C-AC7D-0ACE6885797B}.Debug|x64.ActiveCfg = Debug|Any CPU
		{6F8DAB99-2302-404C-AC7D-0ACE6885797B}.Debug|x64.Build.0 = Debug|Any CPU
		{6F8DAB99-2302-404C-AC7D-0ACE6885797B}.Release|Any CPU.ActiveCfg = Release|Any CPU
		{6F8DAB99-2302-404C-AC7D-0ACE6885797B}.Release|Any CPU.Build.0 = Release|Any CPU
		{6F8DAB99-2302-404C-AC7D-0ACE6885797B}.Release|Mixed Platforms.ActiveCfg = Release|Any CPU
		{6F8DAB99-2302-404C-AC7D-0ACE6885797B}.Release|Mixed Platforms.Build.0 = Release|Any CPU
		{6F8DAB99-2302-404C-AC7D-0ACE6885797B}.Release|x64.ActiveCfg = Release|Any CPU
		{6F8DAB99-2302-404C-AC7D-0ACE6885797B}.Release|x64.Build.0 = Release|Any CPU
		{6F8DAB99-2302-404C-AC7D-0ACE6885797C}.Debug|Any CPU.ActiveCfg = Debug|Any CPU
		{6F8DAB99-2302-404C-AC7D-0ACE6885797C}.Debug|Any CPU.Build.0 = Debug|Any CPU
		{6F8DAB99-2302-404C-AC7D-0ACE6885797C}.Debug|Mixed Platforms.ActiveCfg = Debug|Any CPU
		{6F8DAB99-2302-404C-AC7D-0ACE6885797C}.Debug|Mixed Platforms.Build.0 = Debug|Any CPU
		{6F8DAB99-2302-404C-AC7D-0ACE6885797C}.Debug|x64.ActiveCfg = Debug|Any CPU
		{6F8DAB99-2302-404C-AC7D-0ACE6885797C}.Debug|x64.Build.0 = Debug|Any CPU
		{6F8DAB99-2302-404C-AC7D-0ACE6885797C}.Release|Any CPU.ActiveCfg = Release|Any CPU
		{6F8DAB99-2302-404C-AC7D-0ACE6885797C}.Release|Any CPU.Build.0 = Release|Any CPU
		{6F8DAB99-2302-404C-AC7D-0ACE6885797C}.Release|Mixed Platforms.ActiveCfg = Release|Any CPU
		{6F8DAB99-2302-404C-AC7D-0ACE6885797C}.Release|Mixed Platforms.Build.0 = Release|Any CPU
		{6F8DAB99-2302-404C-AC7D-0ACE6885797C}.Release|x64.ActiveCfg = Release|Any CPU
		{6F8DAB99-2302-404C-AC7D-0ACE6885797C}.Release|x64.Build.0 = Release|Any CPU
		{6F8DAB99-2302-404C-AC7D-0ACE6885797E}.Debug|Any CPU.ActiveCfg = Debug|Any CPU
		{6F8DAB99-2302-404C-AC7D-0ACE6885797E}.Debug|Any CPU.Build.0 = Debug|Any CPU
		{6F8DAB99-2302-404C-AC7D-0ACE6885797E}.Debug|Mixed Platforms.ActiveCfg = Debug|Any CPU
		{6F8DAB99-2302-404C-AC7D-0ACE6885797E}.Debug|Mixed Platforms.Build.0 = Debug|Any CPU
		{6F8DAB99-2302-404C-AC7D-0ACE6885797E}.Debug|x64.ActiveCfg = Debug|Any CPU
		{6F8DAB99-2302-404C-AC7D-0ACE6885797E}.Debug|x64.Build.0 = Debug|Any CPU
		{6F8DAB99-2302-404C-AC7D-0ACE6885797E}.Release|Any CPU.ActiveCfg = Release|Any CPU
		{6F8DAB99-2302-404C-AC7D-0ACE6885797E}.Release|Any CPU.Build.0 = Release|Any CPU
		{6F8DAB99-2302-404C-AC7D-0ACE6885797E}.Release|Mixed Platforms.ActiveCfg = Release|Any CPU
		{6F8DAB99-2302-404C-AC7D-0ACE6885797E}.Release|Mixed Platforms.Build.0 = Release|Any CPU
		{6F8DAB99-2302-404C-AC7D-0ACE6885797E}.Release|x64.ActiveCfg = Release|Any CPU
		{6F8DAB99-2302-404C-AC7D-0ACE6885797E}.Release|x64.Build.0 = Release|Any CPU
		{6F8DAB99-2302-404C-AC7D-0ACE6885797F}.Debug|Any CPU.ActiveCfg = Debug|Any CPU
		{6F8DAB99-2302-404C-AC7D-0ACE6885797F}.Debug|Any CPU.Build.0 = Debug|Any CPU
		{6F8DAB99-2302-404C-AC7D-0ACE6885797F}.Debug|Mixed Platforms.ActiveCfg = Debug|Any CPU
		{6F8DAB99-2302-404C-AC7D-0ACE6885797F}.Debug|Mixed Platforms.Build.0 = Debug|Any CPU
		{6F8DAB99-2302-404C-AC7D-0ACE6885797F}.Debug|x64.ActiveCfg = Debug|Any CPU
		{6F8DAB99-2302-404C-AC7D-0ACE6885797F}.Debug|x64.Build.0 = Debug|Any CPU
		{6F8DAB99-2302-404C-AC7D-0ACE6885797F}.Release|Any CPU.ActiveCfg = Release|Any CPU
		{6F8DAB99-2302-404C-AC7D-0ACE6885797F}.Release|Any CPU.Build.0 = Release|Any CPU
		{6F8DAB99-2302-404C-AC7D-0ACE6885797F}.Release|Mixed Platforms.ActiveCfg = Release|Any CPU
		{6F8DAB99-2302-404C-AC7D-0ACE6885797F}.Release|Mixed Platforms.Build.0 = Release|Any CPU
		{6F8DAB99-2302-404C-AC7D-0ACE6885797F}.Release|x64.ActiveCfg = Release|Any CPU
		{6F8DAB99-2302-404C-AC7D-0ACE6885797F}.Release|x64.Build.0 = Release|Any CPU
		{6F8DAB99-2302-404C-AC7D-0ACE68857980}.Debug|Any CPU.ActiveCfg = Debug|Any CPU
		{6F8DAB99-2302-404C-AC7D-0ACE68857980}.Debug|Any CPU.Build.0 = Debug|Any CPU
		{6F8DAB99-2302-404C-AC7D-0ACE68857980}.Debug|Mixed Platforms.ActiveCfg = Debug|Any CPU
		{6F8DAB99-2302-404C-AC7D-0ACE68857980}.Debug|Mixed Platforms.Build.0 = Debug|Any CPU
		{6F8DAB99-2302-404C-AC7D-0ACE68857980}.Debug|x64.ActiveCfg = Debug|Any CPU
		{6F8DAB99-2302-404C-AC7D-0ACE68857980}.Debug|x64.Build.0 = Debug|Any CPU
		{6F8DAB99-2302-404C-AC7D-0ACE68857980}.Release|Any CPU.ActiveCfg = Release|Any CPU
		{6F8DAB99-2302-404C-AC7D-0ACE68857980}.Release|Any CPU.Build.0 = Release|Any CPU
		{6F8DAB99-2302-404C-AC7D-0ACE68857980}.Release|Mixed Platforms.ActiveCfg = Release|Any CPU
		{6F8DAB99-2302-404C-AC7D-0ACE68857980}.Release|Mixed Platforms.Build.0 = Release|Any CPU
		{6F8DAB99-2302-404C-AC7D-0ACE68857980}.Release|x64.ActiveCfg = Release|Any CPU
		{6F8DAB99-2302-404C-AC7D-0ACE68857980}.Release|x64.Build.0 = Release|Any CPU
		{6F8DAB99-2302-404C-AC7D-0ACE68857981}.Debug|Any CPU.ActiveCfg = Debug|Any CPU
		{6F8DAB99-2302-404C-AC7D-0ACE68857981}.Debug|Any CPU.Build.0 = Debug|Any CPU
		{6F8DAB99-2302-404C-AC7D-0ACE68857981}.Debug|Mixed Platforms.ActiveCfg = Debug|Any CPU
		{6F8DAB99-2302-404C-AC7D-0ACE68857981}.Debug|Mixed Platforms.Build.0 = Debug|Any CPU
		{6F8DAB99-2302-404C-AC7D-0ACE68857981}.Debug|x64.ActiveCfg = Debug|Any CPU
		{6F8DAB99-2302-404C-AC7D-0ACE68857981}.Debug|x64.Build.0 = Debug|Any CPU
		{6F8DAB99-2302-404C-AC7D-0ACE68857981}.Release|Any CPU.ActiveCfg = Release|Any CPU
		{6F8DAB99-2302-404C-AC7D-0ACE68857981}.Release|Any CPU.Build.0 = Release|Any CPU
		{6F8DAB99-2302-404C-AC7D-0ACE68857981}.Release|Mixed Platforms.ActiveCfg = Release|Any CPU
		{6F8DAB99-2302-404C-AC7D-0ACE68857981}.Release|Mixed Platforms.Build.0 = Release|Any CPU
		{6F8DAB99-2302-404C-AC7D-0ACE68857981}.Release|x64.ActiveCfg = Release|Any CPU
		{6F8DAB99-2302-404C-AC7D-0ACE68857981}.Release|x64.Build.0 = Release|Any CPU
		{6F8DAB99-2302-404C-AC7D-0ACE68857982}.Debug|Any CPU.ActiveCfg = Debug|Any CPU
		{6F8DAB99-2302-404C-AC7D-0ACE68857982}.Debug|Any CPU.Build.0 = Debug|Any CPU
		{6F8DAB99-2302-404C-AC7D-0ACE68857982}.Debug|Mixed Platforms.ActiveCfg = Debug|Any CPU
		{6F8DAB99-2302-404C-AC7D-0ACE68857982}.Debug|Mixed Platforms.Build.0 = Debug|Any CPU
		{6F8DAB99-2302-404C-AC7D-0ACE68857982}.Debug|x64.ActiveCfg = Debug|Any CPU
		{6F8DAB99-2302-404C-AC7D-0ACE68857982}.Debug|x64.Build.0 = Debug|Any CPU
		{6F8DAB99-2302-404C-AC7D-0ACE68857982}.Release|Any CPU.ActiveCfg = Release|Any CPU
		{6F8DAB99-2302-404C-AC7D-0ACE68857982}.Release|Any CPU.Build.0 = Release|Any CPU
		{6F8DAB99-2302-404C-AC7D-0ACE68857982}.Release|Mixed Platforms.ActiveCfg = Release|Any CPU
		{6F8DAB99-2302-404C-AC7D-0ACE68857982}.Release|Mixed Platforms.Build.0 = Release|Any CPU
		{6F8DAB99-2302-404C-AC7D-0ACE68857982}.Release|x64.ActiveCfg = Release|Any CPU
		{6F8DAB99-2302-404C-AC7D-0ACE68857982}.Release|x64.Build.0 = Release|Any CPU
		{6F8DAB99-2302-404C-AC7D-0ACE68857983}.Debug|Any CPU.ActiveCfg = Debug|Any CPU
		{6F8DAB99-2302-404C-AC7D-0ACE68857983}.Debug|Any CPU.Build.0 = Debug|Any CPU
		{6F8DAB99-2302-404C-AC7D-0ACE68857983}.Debug|Mixed Platforms.ActiveCfg = Debug|Any CPU
		{6F8DAB99-2302-404C-AC7D-0ACE68857983}.Debug|Mixed Platforms.Build.0 = Debug|Any CPU
		{6F8DAB99-2302-404C-AC7D-0ACE68857983}.Debug|x64.ActiveCfg = Debug|Any CPU
		{6F8DAB99-2302-404C-AC7D-0ACE68857983}.Debug|x64.Build.0 = Debug|Any CPU
		{6F8DAB99-2302-404C-AC7D-0ACE68857983}.Release|Any CPU.ActiveCfg = Release|Any CPU
		{6F8DAB99-2302-404C-AC7D-0ACE68857983}.Release|Any CPU.Build.0 = Release|Any CPU
		{6F8DAB99-2302-404C-AC7D-0ACE68857983}.Release|Mixed Platforms.ActiveCfg = Release|Any CPU
		{6F8DAB99-2302-404C-AC7D-0ACE68857983}.Release|Mixed Platforms.Build.0 = Release|Any CPU
		{6F8DAB99-2302-404C-AC7D-0ACE68857983}.Release|x64.ActiveCfg = Release|Any CPU
		{6F8DAB99-2302-404C-AC7D-0ACE68857983}.Release|x64.Build.0 = Release|Any CPU
		{6F8DAB99-2302-404C-AC7D-0ACE68857984}.Debug|Any CPU.ActiveCfg = Debug|Any CPU
		{6F8DAB99-2302-404C-AC7D-0ACE68857984}.Debug|Any CPU.Build.0 = Debug|Any CPU
		{6F8DAB99-2302-404C-AC7D-0ACE68857984}.Debug|Mixed Platforms.ActiveCfg = Debug|Any CPU
		{6F8DAB99-2302-404C-AC7D-0ACE68857984}.Debug|Mixed Platforms.Build.0 = Debug|Any CPU
		{6F8DAB99-2302-404C-AC7D-0ACE68857984}.Debug|x64.ActiveCfg = Debug|Any CPU
		{6F8DAB99-2302-404C-AC7D-0ACE68857984}.Debug|x64.Build.0 = Debug|Any CPU
		{6F8DAB99-2302-404C-AC7D-0ACE68857984}.Release|Any CPU.ActiveCfg = Release|Any CPU
		{6F8DAB99-2302-404C-AC7D-0ACE68857984}.Release|Any CPU.Build.0 = Release|Any CPU
		{6F8DAB99-2302-404C-AC7D-0ACE68857984}.Release|Mixed Platforms.ActiveCfg = Release|Any CPU
		{6F8DAB99-2302-404C-AC7D-0ACE68857984}.Release|Mixed Platforms.Build.0 = Release|Any CPU
		{6F8DAB99-2302-404C-AC7D-0ACE68857984}.Release|x64.ActiveCfg = Release|Any CPU
		{6F8DAB99-2302-404C-AC7D-0ACE68857984}.Release|x64.Build.0 = Release|Any CPU
		{6F8DAB99-2302-404C-AC7D-0ACE68857985}.Debug|Any CPU.ActiveCfg = Debug|Any CPU
		{6F8DAB99-2302-404C-AC7D-0ACE68857985}.Debug|Any CPU.Build.0 = Debug|Any CPU
		{6F8DAB99-2302-404C-AC7D-0ACE68857985}.Debug|Mixed Platforms.ActiveCfg = Debug|Any CPU
		{6F8DAB99-2302-404C-AC7D-0ACE68857985}.Debug|Mixed Platforms.Build.0 = Debug|Any CPU
		{6F8DAB99-2302-404C-AC7D-0ACE68857985}.Debug|x64.ActiveCfg = Debug|Any CPU
		{6F8DAB99-2302-404C-AC7D-0ACE68857985}.Debug|x64.Build.0 = Debug|Any CPU
		{6F8DAB99-2302-404C-AC7D-0ACE68857985}.Release|Any CPU.ActiveCfg = Release|Any CPU
		{6F8DAB99-2302-404C-AC7D-0ACE68857985}.Release|Any CPU.Build.0 = Release|Any CPU
		{6F8DAB99-2302-404C-AC7D-0ACE68857985}.Release|Mixed Platforms.ActiveCfg = Release|Any CPU
		{6F8DAB99-2302-404C-AC7D-0ACE68857985}.Release|Mixed Platforms.Build.0 = Release|Any CPU
		{6F8DAB99-2302-404C-AC7D-0ACE68857985}.Release|x64.ActiveCfg = Release|Any CPU
		{6F8DAB99-2302-404C-AC7D-0ACE68857985}.Release|x64.Build.0 = Release|Any CPU
		{6F8DAB99-2302-404C-AC7D-0ACE68857986}.Debug|Any CPU.ActiveCfg = Debug|Any CPU
		{6F8DAB99-2302-404C-AC7D-0ACE68857986}.Debug|Any CPU.Build.0 = Debug|Any CPU
		{6F8DAB99-2302-404C-AC7D-0ACE68857986}.Debug|Mixed Platforms.ActiveCfg = Debug|Any CPU
		{6F8DAB99-2302-404C-AC7D-0ACE68857986}.Debug|Mixed Platforms.Build.0 = Debug|Any CPU
		{6F8DAB99-2302-404C-AC7D-0ACE68857986}.Debug|x64.ActiveCfg = Debug|Any CPU
		{6F8DAB99-2302-404C-AC7D-0ACE68857986}.Debug|x64.Build.0 = Debug|Any CPU
		{6F8DAB99-2302-404C-AC7D-0ACE68857986}.Release|Any CPU.ActiveCfg = Release|Any CPU
		{6F8DAB99-2302-404C-AC7D-0ACE68857986}.Release|Any CPU.Build.0 = Release|Any CPU
		{6F8DAB99-2302-404C-AC7D-0ACE68857986}.Release|Mixed Platforms.ActiveCfg = Release|Any CPU
		{6F8DAB99-2302-404C-AC7D-0ACE68857986}.Release|Mixed Platforms.Build.0 = Release|Any CPU
		{6F8DAB99-2302-404C-AC7D-0ACE68857986}.Release|x64.ActiveCfg = Release|Any CPU
		{6F8DAB99-2302-404C-AC7D-0ACE68857986}.Release|x64.Build.0 = Release|Any CPU
		{6F8DAB99-2302-404C-AC7D-0ACE68857987}.Debug|Any CPU.ActiveCfg = Debug|Any CPU
		{6F8DAB99-2302-404C-AC7D-0ACE68857987}.Debug|Any CPU.Build.0 = Debug|Any CPU
		{6F8DAB99-2302-404C-AC7D-0ACE68857987}.Debug|Mixed Platforms.ActiveCfg = Debug|Any CPU
		{6F8DAB99-2302-404C-AC7D-0ACE68857987}.Debug|Mixed Platforms.Build.0 = Debug|Any CPU
		{6F8DAB99-2302-404C-AC7D-0ACE68857987}.Debug|x64.ActiveCfg = Debug|Any CPU
		{6F8DAB99-2302-404C-AC7D-0ACE68857987}.Debug|x64.Build.0 = Debug|Any CPU
		{6F8DAB99-2302-404C-AC7D-0ACE68857987}.Release|Any CPU.ActiveCfg = Release|Any CPU
		{6F8DAB99-2302-404C-AC7D-0ACE68857987}.Release|Any CPU.Build.0 = Release|Any CPU
		{6F8DAB99-2302-404C-AC7D-0ACE68857987}.Release|Mixed Platforms.ActiveCfg = Release|Any CPU
		{6F8DAB99-2302-404C-AC7D-0ACE68857987}.Release|Mixed Platforms.Build.0 = Release|Any CPU
		{6F8DAB99-2302-404C-AC7D-0ACE68857987}.Release|x64.ActiveCfg = Release|Any CPU
		{6F8DAB99-2302-404C-AC7D-0ACE68857987}.Release|x64.Build.0 = Release|Any CPU
		{6F8DAB99-2302-404C-AC7D-0ACE68857988}.Debug|Any CPU.ActiveCfg = Debug|Any CPU
		{6F8DAB99-2302-404C-AC7D-0ACE68857988}.Debug|Any CPU.Build.0 = Debug|Any CPU
		{6F8DAB99-2302-404C-AC7D-0ACE68857988}.Debug|Mixed Platforms.ActiveCfg = Debug|Any CPU
		{6F8DAB99-2302-404C-AC7D-0ACE68857988}.Debug|Mixed Platforms.Build.0 = Debug|Any CPU
		{6F8DAB99-2302-404C-AC7D-0ACE68857988}.Debug|x64.ActiveCfg = Debug|Any CPU
		{6F8DAB99-2302-404C-AC7D-0ACE68857988}.Debug|x64.Build.0 = Debug|Any CPU
		{6F8DAB99-2302-404C-AC7D-0ACE68857988}.Release|Any CPU.ActiveCfg = Release|Any CPU
		{6F8DAB99-2302-404C-AC7D-0ACE68857988}.Release|Any CPU.Build.0 = Release|Any CPU
		{6F8DAB99-2302-404C-AC7D-0ACE68857988}.Release|Mixed Platforms.ActiveCfg = Release|Any CPU
		{6F8DAB99-2302-404C-AC7D-0ACE68857988}.Release|Mixed Platforms.Build.0 = Release|Any CPU
		{6F8DAB99-2302-404C-AC7D-0ACE68857988}.Release|x64.ActiveCfg = Release|Any CPU
		{6F8DAB99-2302-404C-AC7D-0ACE68857988}.Release|x64.Build.0 = Release|Any CPU
		{6F8DAB99-2302-404C-AC7D-0ACE68857989}.Debug|Any CPU.ActiveCfg = Debug|Any CPU
		{6F8DAB99-2302-404C-AC7D-0ACE68857989}.Debug|Any CPU.Build.0 = Debug|Any CPU
		{6F8DAB99-2302-404C-AC7D-0ACE68857989}.Debug|Mixed Platforms.ActiveCfg = Debug|Any CPU
		{6F8DAB99-2302-404C-AC7D-0ACE68857989}.Debug|Mixed Platforms.Build.0 = Debug|Any CPU
		{6F8DAB99-2302-404C-AC7D-0ACE68857989}.Debug|x64.ActiveCfg = Debug|Any CPU
		{6F8DAB99-2302-404C-AC7D-0ACE68857989}.Debug|x64.Build.0 = Debug|Any CPU
		{6F8DAB99-2302-404C-AC7D-0ACE68857989}.Release|Any CPU.ActiveCfg = Release|Any CPU
		{6F8DAB99-2302-404C-AC7D-0ACE68857989}.Release|Any CPU.Build.0 = Release|Any CPU
		{6F8DAB99-2302-404C-AC7D-0ACE68857989}.Release|Mixed Platforms.ActiveCfg = Release|Any CPU
		{6F8DAB99-2302-404C-AC7D-0ACE68857989}.Release|Mixed Platforms.Build.0 = Release|Any CPU
		{6F8DAB99-2302-404C-AC7D-0ACE68857989}.Release|x64.ActiveCfg = Release|Any CPU
		{6F8DAB99-2302-404C-AC7D-0ACE68857989}.Release|x64.Build.0 = Release|Any CPU
		{6F8DAB99-2302-404C-AC7D-0ACE6885798A}.Debug|Any CPU.ActiveCfg = Debug|Any CPU
		{6F8DAB99-2302-404C-AC7D-0ACE6885798A}.Debug|Any CPU.Build.0 = Debug|Any CPU
		{6F8DAB99-2302-404C-AC7D-0ACE6885798A}.Debug|Mixed Platforms.ActiveCfg = Debug|Any CPU
		{6F8DAB99-2302-404C-AC7D-0ACE6885798A}.Debug|Mixed Platforms.Build.0 = Debug|Any CPU
		{6F8DAB99-2302-404C-AC7D-0ACE6885798A}.Debug|x64.ActiveCfg = Debug|Any CPU
		{6F8DAB99-2302-404C-AC7D-0ACE6885798A}.Debug|x64.Build.0 = Debug|Any CPU
		{6F8DAB99-2302-404C-AC7D-0ACE6885798A}.Release|Any CPU.ActiveCfg = Release|Any CPU
		{6F8DAB99-2302-404C-AC7D-0ACE6885798A}.Release|Any CPU.Build.0 = Release|Any CPU
		{6F8DAB99-2302-404C-AC7D-0ACE6885798A}.Release|Mixed Platforms.ActiveCfg = Release|Any CPU
		{6F8DAB99-2302-404C-AC7D-0ACE6885798A}.Release|Mixed Platforms.Build.0 = Release|Any CPU
		{6F8DAB99-2302-404C-AC7D-0ACE6885798A}.Release|x64.ActiveCfg = Release|Any CPU
		{6F8DAB99-2302-404C-AC7D-0ACE6885798A}.Release|x64.Build.0 = Release|Any CPU
		{6F8DAB99-2302-404C-AC7D-0ACE6885798B}.Debug|Any CPU.ActiveCfg = Debug|Any CPU
		{6F8DAB99-2302-404C-AC7D-0ACE6885798B}.Debug|Any CPU.Build.0 = Debug|Any CPU
		{6F8DAB99-2302-404C-AC7D-0ACE6885798B}.Debug|Mixed Platforms.ActiveCfg = Debug|Any CPU
		{6F8DAB99-2302-404C-AC7D-0ACE6885798B}.Debug|Mixed Platforms.Build.0 = Debug|Any CPU
		{6F8DAB99-2302-404C-AC7D-0ACE6885798B}.Debug|x64.ActiveCfg = Debug|Any CPU
		{6F8DAB99-2302-404C-AC7D-0ACE6885798B}.Debug|x64.Build.0 = Debug|Any CPU
		{6F8DAB99-2302-404C-AC7D-0ACE6885798B}.Release|Any CPU.ActiveCfg = Release|Any CPU
		{6F8DAB99-2302-404C-AC7D-0ACE6885798B}.Release|Any CPU.Build.0 = Release|Any CPU
		{6F8DAB99-2302-404C-AC7D-0ACE6885798B}.Release|Mixed Platforms.ActiveCfg = Release|Any CPU
		{6F8DAB99-2302-404C-AC7D-0ACE6885798B}.Release|Mixed Platforms.Build.0 = Release|Any CPU
		{6F8DAB99-2302-404C-AC7D-0ACE6885798B}.Release|x64.ActiveCfg = Release|Any CPU
		{6F8DAB99-2302-404C-AC7D-0ACE6885798B}.Release|x64.Build.0 = Release|Any CPU
		{6F8DAB99-2302-404C-AC7D-0ACE6885798C}.Debug|Any CPU.ActiveCfg = Debug|Any CPU
		{6F8DAB99-2302-404C-AC7D-0ACE6885798C}.Debug|Any CPU.Build.0 = Debug|Any CPU
		{6F8DAB99-2302-404C-AC7D-0ACE6885798C}.Debug|Mixed Platforms.ActiveCfg = Debug|Any CPU
		{6F8DAB99-2302-404C-AC7D-0ACE6885798C}.Debug|Mixed Platforms.Build.0 = Debug|Any CPU
		{6F8DAB99-2302-404C-AC7D-0ACE6885798C}.Debug|x64.ActiveCfg = Debug|Any CPU
		{6F8DAB99-2302-404C-AC7D-0ACE6885798C}.Debug|x64.Build.0 = Debug|Any CPU
		{6F8DAB99-2302-404C-AC7D-0ACE6885798C}.Release|Any CPU.ActiveCfg = Release|Any CPU
		{6F8DAB99-2302-404C-AC7D-0ACE6885798C}.Release|Any CPU.Build.0 = Release|Any CPU
		{6F8DAB99-2302-404C-AC7D-0ACE6885798C}.Release|Mixed Platforms.ActiveCfg = Release|Any CPU
		{6F8DAB99-2302-404C-AC7D-0ACE6885798C}.Release|Mixed Platforms.Build.0 = Release|Any CPU
		{6F8DAB99-2302-404C-AC7D-0ACE6885798C}.Release|x64.ActiveCfg = Release|Any CPU
		{6F8DAB99-2302-404C-AC7D-0ACE6885798C}.Release|x64.Build.0 = Release|Any CPU
		{6F8DAB99-2302-404C-AC7D-0ACE6885798D}.Debug|Any CPU.ActiveCfg = Debug|Any CPU
		{6F8DAB99-2302-404C-AC7D-0ACE6885798D}.Debug|Any CPU.Build.0 = Debug|Any CPU
		{6F8DAB99-2302-404C-AC7D-0ACE6885798D}.Debug|Mixed Platforms.ActiveCfg = Debug|Any CPU
		{6F8DAB99-2302-404C-AC7D-0ACE6885798D}.Debug|Mixed Platforms.Build.0 = Debug|Any CPU
		{6F8DAB99-2302-404C-AC7D-0ACE6885798D}.Debug|x64.ActiveCfg = Debug|Any CPU
		{6F8DAB99-2302-404C-AC7D-0ACE6885798D}.Debug|x64.Build.0 = Debug|Any CPU
		{6F8DAB99-2302-404C-AC7D-0ACE6885798D}.Release|Any CPU.ActiveCfg = Release|Any CPU
		{6F8DAB99-2302-404C-AC7D-0ACE6885798D}.Release|Any CPU.Build.0 = Release|Any CPU
		{6F8DAB99-2302-404C-AC7D-0ACE6885798D}.Release|Mixed Platforms.ActiveCfg = Release|Any CPU
		{6F8DAB99-2302-404C-AC7D-0ACE6885798D}.Release|Mixed Platforms.Build.0 = Release|Any CPU
		{6F8DAB99-2302-404C-AC7D-0ACE6885798D}.Release|x64.ActiveCfg = Release|Any CPU
		{6F8DAB99-2302-404C-AC7D-0ACE6885798D}.Release|x64.Build.0 = Release|Any CPU
		{6F8DAB99-2302-404C-AC7D-0ACE6885798E}.Debug|Any CPU.ActiveCfg = Debug|Any CPU
		{6F8DAB99-2302-404C-AC7D-0ACE6885798E}.Debug|Any CPU.Build.0 = Debug|Any CPU
		{6F8DAB99-2302-404C-AC7D-0ACE6885798E}.Debug|Mixed Platforms.ActiveCfg = Debug|Any CPU
		{6F8DAB99-2302-404C-AC7D-0ACE6885798E}.Debug|Mixed Platforms.Build.0 = Debug|Any CPU
		{6F8DAB99-2302-404C-AC7D-0ACE6885798E}.Debug|x64.ActiveCfg = Debug|Any CPU
		{6F8DAB99-2302-404C-AC7D-0ACE6885798E}.Debug|x64.Build.0 = Debug|Any CPU
		{6F8DAB99-2302-404C-AC7D-0ACE6885798E}.Release|Any CPU.ActiveCfg = Release|Any CPU
		{6F8DAB99-2302-404C-AC7D-0ACE6885798E}.Release|Any CPU.Build.0 = Release|Any CPU
		{6F8DAB99-2302-404C-AC7D-0ACE6885798E}.Release|Mixed Platforms.ActiveCfg = Release|Any CPU
		{6F8DAB99-2302-404C-AC7D-0ACE6885798E}.Release|Mixed Platforms.Build.0 = Release|Any CPU
		{6F8DAB99-2302-404C-AC7D-0ACE6885798E}.Release|x64.ActiveCfg = Release|Any CPU
		{6F8DAB99-2302-404C-AC7D-0ACE6885798E}.Release|x64.Build.0 = Release|Any CPU
		{6F8DAB99-2302-404C-AC7D-0ACE6885798F}.Debug|Any CPU.ActiveCfg = Debug|Any CPU
		{6F8DAB99-2302-404C-AC7D-0ACE6885798F}.Debug|Any CPU.Build.0 = Debug|Any CPU
		{6F8DAB99-2302-404C-AC7D-0ACE6885798F}.Debug|Mixed Platforms.ActiveCfg = Debug|Any CPU
		{6F8DAB99-2302-404C-AC7D-0ACE6885798F}.Debug|Mixed Platforms.Build.0 = Debug|Any CPU
		{6F8DAB99-2302-404C-AC7D-0ACE6885798F}.Debug|x64.ActiveCfg = Debug|Any CPU
		{6F8DAB99-2302-404C-AC7D-0ACE6885798F}.Debug|x64.Build.0 = Debug|Any CPU
		{6F8DAB99-2302-404C-AC7D-0ACE6885798F}.Release|Any CPU.ActiveCfg = Release|Any CPU
		{6F8DAB99-2302-404C-AC7D-0ACE6885798F}.Release|Any CPU.Build.0 = Release|Any CPU
		{6F8DAB99-2302-404C-AC7D-0ACE6885798F}.Release|Mixed Platforms.ActiveCfg = Release|Any CPU
		{6F8DAB99-2302-404C-AC7D-0ACE6885798F}.Release|Mixed Platforms.Build.0 = Release|Any CPU
		{6F8DAB99-2302-404C-AC7D-0ACE6885798F}.Release|x64.ActiveCfg = Release|Any CPU
		{6F8DAB99-2302-404C-AC7D-0ACE6885798F}.Release|x64.Build.0 = Release|Any CPU
		{6F8DAB99-2302-404C-AC7D-0ACE68857990}.Debug|Any CPU.ActiveCfg = Debug|Any CPU
		{6F8DAB99-2302-404C-AC7D-0ACE68857990}.Debug|Any CPU.Build.0 = Debug|Any CPU
		{6F8DAB99-2302-404C-AC7D-0ACE68857990}.Debug|Mixed Platforms.ActiveCfg = Debug|Any CPU
		{6F8DAB99-2302-404C-AC7D-0ACE68857990}.Debug|Mixed Platforms.Build.0 = Debug|Any CPU
		{6F8DAB99-2302-404C-AC7D-0ACE68857990}.Debug|x64.ActiveCfg = Debug|Any CPU
		{6F8DAB99-2302-404C-AC7D-0ACE68857990}.Debug|x64.Build.0 = Debug|Any CPU
		{6F8DAB99-2302-404C-AC7D-0ACE68857990}.Release|Any CPU.ActiveCfg = Release|Any CPU
		{6F8DAB99-2302-404C-AC7D-0ACE68857990}.Release|Any CPU.Build.0 = Release|Any CPU
		{6F8DAB99-2302-404C-AC7D-0ACE68857990}.Release|Mixed Platforms.ActiveCfg = Release|Any CPU
		{6F8DAB99-2302-404C-AC7D-0ACE68857990}.Release|Mixed Platforms.Build.0 = Release|Any CPU
		{6F8DAB99-2302-404C-AC7D-0ACE68857990}.Release|x64.ActiveCfg = Release|Any CPU
		{6F8DAB99-2302-404C-AC7D-0ACE68857990}.Release|x64.Build.0 = Release|Any CPU
		{6F8DAB99-2302-404C-AC7D-0ACE68857991}.Debug|Any CPU.ActiveCfg = Debug|Any CPU
		{6F8DAB99-2302-404C-AC7D-0ACE68857991}.Debug|Any CPU.Build.0 = Debug|Any CPU
		{6F8DAB99-2302-404C-AC7D-0ACE68857991}.Debug|Mixed Platforms.ActiveCfg = Debug|Any CPU
		{6F8DAB99-2302-404C-AC7D-0ACE68857991}.Debug|Mixed Platforms.Build.0 = Debug|Any CPU
		{6F8DAB99-2302-404C-AC7D-0ACE68857991}.Debug|x64.ActiveCfg = Debug|Any CPU
		{6F8DAB99-2302-404C-AC7D-0ACE68857991}.Debug|x64.Build.0 = Debug|Any CPU
		{6F8DAB99-2302-404C-AC7D-0ACE68857991}.Release|Any CPU.ActiveCfg = Release|Any CPU
		{6F8DAB99-2302-404C-AC7D-0ACE68857991}.Release|Any CPU.Build.0 = Release|Any CPU
		{6F8DAB99-2302-404C-AC7D-0ACE68857991}.Release|Mixed Platforms.ActiveCfg = Release|Any CPU
		{6F8DAB99-2302-404C-AC7D-0ACE68857991}.Release|Mixed Platforms.Build.0 = Release|Any CPU
		{6F8DAB99-2302-404C-AC7D-0ACE68857991}.Release|x64.ActiveCfg = Release|Any CPU
		{6F8DAB99-2302-404C-AC7D-0ACE68857991}.Release|x64.Build.0 = Release|Any CPU
		{6F8DAB99-2302-404C-AC7D-0ACE68857992}.Debug|Any CPU.ActiveCfg = Debug|Any CPU
		{6F8DAB99-2302-404C-AC7D-0ACE68857992}.Debug|Any CPU.Build.0 = Debug|Any CPU
		{6F8DAB99-2302-404C-AC7D-0ACE68857992}.Debug|Mixed Platforms.ActiveCfg = Debug|Any CPU
		{6F8DAB99-2302-404C-AC7D-0ACE68857992}.Debug|Mixed Platforms.Build.0 = Debug|Any CPU
		{6F8DAB99-2302-404C-AC7D-0ACE68857992}.Debug|x64.ActiveCfg = Debug|Any CPU
		{6F8DAB99-2302-404C-AC7D-0ACE68857992}.Debug|x64.Build.0 = Debug|Any CPU
		{6F8DAB99-2302-404C-AC7D-0ACE68857992}.Release|Any CPU.ActiveCfg = Release|Any CPU
		{6F8DAB99-2302-404C-AC7D-0ACE68857992}.Release|Any CPU.Build.0 = Release|Any CPU
		{6F8DAB99-2302-404C-AC7D-0ACE68857992}.Release|Mixed Platforms.ActiveCfg = Release|Any CPU
		{6F8DAB99-2302-404C-AC7D-0ACE68857992}.Release|Mixed Platforms.Build.0 = Release|Any CPU
		{6F8DAB99-2302-404C-AC7D-0ACE68857992}.Release|x64.ActiveCfg = Release|Any CPU
		{6F8DAB99-2302-404C-AC7D-0ACE68857992}.Release|x64.Build.0 = Release|Any CPU
		{6F8DAB99-2302-404C-AC7D-0ACE68857993}.Debug|Any CPU.ActiveCfg = Debug|Any CPU
		{6F8DAB99-2302-404C-AC7D-0ACE68857993}.Debug|Any CPU.Build.0 = Debug|Any CPU
		{6F8DAB99-2302-404C-AC7D-0ACE68857993}.Debug|Mixed Platforms.ActiveCfg = Debug|Any CPU
		{6F8DAB99-2302-404C-AC7D-0ACE68857993}.Debug|Mixed Platforms.Build.0 = Debug|Any CPU
		{6F8DAB99-2302-404C-AC7D-0ACE68857993}.Debug|x64.ActiveCfg = Debug|Any CPU
		{6F8DAB99-2302-404C-AC7D-0ACE68857993}.Debug|x64.Build.0 = Debug|Any CPU
		{6F8DAB99-2302-404C-AC7D-0ACE68857993}.Release|Any CPU.ActiveCfg = Release|Any CPU
		{6F8DAB99-2302-404C-AC7D-0ACE68857993}.Release|Any CPU.Build.0 = Release|Any CPU
		{6F8DAB99-2302-404C-AC7D-0ACE68857993}.Release|Mixed Platforms.ActiveCfg = Release|Any CPU
		{6F8DAB99-2302-404C-AC7D-0ACE68857993}.Release|Mixed Platforms.Build.0 = Release|Any CPU
		{6F8DAB99-2302-404C-AC7D-0ACE68857993}.Release|x64.ActiveCfg = Release|Any CPU
		{6F8DAB99-2302-404C-AC7D-0ACE68857993}.Release|x64.Build.0 = Release|Any CPU
		{6F8DAB99-2302-404C-AC7D-0ACE68857994}.Debug|Any CPU.ActiveCfg = Debug|Any CPU
		{6F8DAB99-2302-404C-AC7D-0ACE68857994}.Debug|Any CPU.Build.0 = Debug|Any CPU
		{6F8DAB99-2302-404C-AC7D-0ACE68857994}.Debug|Mixed Platforms.ActiveCfg = Debug|Any CPU
		{6F8DAB99-2302-404C-AC7D-0ACE68857994}.Debug|Mixed Platforms.Build.0 = Debug|Any CPU
		{6F8DAB99-2302-404C-AC7D-0ACE68857994}.Debug|x64.ActiveCfg = Debug|Any CPU
		{6F8DAB99-2302-404C-AC7D-0ACE68857994}.Debug|x64.Build.0 = Debug|Any CPU
		{6F8DAB99-2302-404C-AC7D-0ACE68857994}.Release|Any CPU.ActiveCfg = Release|Any CPU
		{6F8DAB99-2302-404C-AC7D-0ACE68857994}.Release|Any CPU.Build.0 = Release|Any CPU
		{6F8DAB99-2302-404C-AC7D-0ACE68857994}.Release|Mixed Platforms.ActiveCfg = Release|Any CPU
		{6F8DAB99-2302-404C-AC7D-0ACE68857994}.Release|Mixed Platforms.Build.0 = Release|Any CPU
		{6F8DAB99-2302-404C-AC7D-0ACE68857994}.Release|x64.ActiveCfg = Release|Any CPU
		{6F8DAB99-2302-404C-AC7D-0ACE68857994}.Release|x64.Build.0 = Release|Any CPU
		{6F8DAB99-2302-404C-AC7D-0ACE68857995}.Debug|Any CPU.ActiveCfg = Debug|Any CPU
		{6F8DAB99-2302-404C-AC7D-0ACE68857995}.Debug|Any CPU.Build.0 = Debug|Any CPU
		{6F8DAB99-2302-404C-AC7D-0ACE68857995}.Debug|Mixed Platforms.ActiveCfg = Debug|Any CPU
		{6F8DAB99-2302-404C-AC7D-0ACE68857995}.Debug|Mixed Platforms.Build.0 = Debug|Any CPU
		{6F8DAB99-2302-404C-AC7D-0ACE68857995}.Debug|x64.ActiveCfg = Debug|Any CPU
		{6F8DAB99-2302-404C-AC7D-0ACE68857995}.Debug|x64.Build.0 = Debug|Any CPU
		{6F8DAB99-2302-404C-AC7D-0ACE68857995}.Release|Any CPU.ActiveCfg = Release|Any CPU
		{6F8DAB99-2302-404C-AC7D-0ACE68857995}.Release|Any CPU.Build.0 = Release|Any CPU
		{6F8DAB99-2302-404C-AC7D-0ACE68857995}.Release|Mixed Platforms.ActiveCfg = Release|Any CPU
		{6F8DAB99-2302-404C-AC7D-0ACE68857995}.Release|Mixed Platforms.Build.0 = Release|Any CPU
		{6F8DAB99-2302-404C-AC7D-0ACE68857995}.Release|x64.ActiveCfg = Release|Any CPU
		{6F8DAB99-2302-404C-AC7D-0ACE68857995}.Release|x64.Build.0 = Release|Any CPU
		{6F8DAB99-2302-404C-AC7D-0ACE68857997}.Debug|Any CPU.ActiveCfg = Debug|Any CPU
		{6F8DAB99-2302-404C-AC7D-0ACE68857997}.Debug|Any CPU.Build.0 = Debug|Any CPU
		{6F8DAB99-2302-404C-AC7D-0ACE68857997}.Debug|Mixed Platforms.ActiveCfg = Debug|Any CPU
		{6F8DAB99-2302-404C-AC7D-0ACE68857997}.Debug|Mixed Platforms.Build.0 = Debug|Any CPU
		{6F8DAB99-2302-404C-AC7D-0ACE68857997}.Debug|x64.ActiveCfg = Debug|Any CPU
		{6F8DAB99-2302-404C-AC7D-0ACE68857997}.Debug|x64.Build.0 = Debug|Any CPU
		{6F8DAB99-2302-404C-AC7D-0ACE68857997}.Release|Any CPU.ActiveCfg = Release|Any CPU
		{6F8DAB99-2302-404C-AC7D-0ACE68857997}.Release|Any CPU.Build.0 = Release|Any CPU
		{6F8DAB99-2302-404C-AC7D-0ACE68857997}.Release|Mixed Platforms.ActiveCfg = Release|Any CPU
		{6F8DAB99-2302-404C-AC7D-0ACE68857997}.Release|Mixed Platforms.Build.0 = Release|Any CPU
		{6F8DAB99-2302-404C-AC7D-0ACE68857997}.Release|x64.ActiveCfg = Release|Any CPU
		{6F8DAB99-2302-404C-AC7D-0ACE68857997}.Release|x64.Build.0 = Release|Any CPU
		{6F8DAB99-2302-404C-AC7D-0ACE68857998}.Debug|Any CPU.ActiveCfg = Debug|Any CPU
		{6F8DAB99-2302-404C-AC7D-0ACE68857998}.Debug|Any CPU.Build.0 = Debug|Any CPU
		{6F8DAB99-2302-404C-AC7D-0ACE68857998}.Debug|Mixed Platforms.ActiveCfg = Debug|Any CPU
		{6F8DAB99-2302-404C-AC7D-0ACE68857998}.Debug|Mixed Platforms.Build.0 = Debug|Any CPU
		{6F8DAB99-2302-404C-AC7D-0ACE68857998}.Debug|x64.ActiveCfg = Debug|Any CPU
		{6F8DAB99-2302-404C-AC7D-0ACE68857998}.Debug|x64.Build.0 = Debug|Any CPU
		{6F8DAB99-2302-404C-AC7D-0ACE68857998}.Release|Any CPU.ActiveCfg = Release|Any CPU
		{6F8DAB99-2302-404C-AC7D-0ACE68857998}.Release|Any CPU.Build.0 = Release|Any CPU
		{6F8DAB99-2302-404C-AC7D-0ACE68857998}.Release|Mixed Platforms.ActiveCfg = Release|Any CPU
		{6F8DAB99-2302-404C-AC7D-0ACE68857998}.Release|Mixed Platforms.Build.0 = Release|Any CPU
		{6F8DAB99-2302-404C-AC7D-0ACE68857998}.Release|x64.ActiveCfg = Release|Any CPU
		{6F8DAB99-2302-404C-AC7D-0ACE68857998}.Release|x64.Build.0 = Release|Any CPU
		{6F8DAB99-2302-404C-AC7D-0ACE68857996}.Debug|Any CPU.ActiveCfg = Debug|Any CPU
		{6F8DAB99-2302-404C-AC7D-0ACE68857996}.Debug|Any CPU.Build.0 = Debug|Any CPU
		{6F8DAB99-2302-404C-AC7D-0ACE68857996}.Debug|Mixed Platforms.ActiveCfg = Debug|Any CPU
		{6F8DAB99-2302-404C-AC7D-0ACE68857996}.Debug|Mixed Platforms.Build.0 = Debug|Any CPU
		{6F8DAB99-2302-404C-AC7D-0ACE68857996}.Debug|x64.ActiveCfg = Debug|Any CPU
		{6F8DAB99-2302-404C-AC7D-0ACE68857996}.Debug|x64.Build.0 = Debug|Any CPU
		{6F8DAB99-2302-404C-AC7D-0ACE68857996}.Release|Any CPU.ActiveCfg = Release|Any CPU
		{6F8DAB99-2302-404C-AC7D-0ACE68857996}.Release|Any CPU.Build.0 = Release|Any CPU
		{6F8DAB99-2302-404C-AC7D-0ACE68857996}.Release|Mixed Platforms.ActiveCfg = Release|Any CPU
		{6F8DAB99-2302-404C-AC7D-0ACE68857996}.Release|Mixed Platforms.Build.0 = Release|Any CPU
		{6F8DAB99-2302-404C-AC7D-0ACE68857996}.Release|x64.ActiveCfg = Release|Any CPU
		{6F8DAB99-2302-404C-AC7D-0ACE68857996}.Release|x64.Build.0 = Release|Any CPU
		{6F8DAB99-2302-404C-AC7D-0ACE68857999}.Debug|Any CPU.ActiveCfg = Debug|Any CPU
		{6F8DAB99-2302-404C-AC7D-0ACE68857999}.Debug|Any CPU.Build.0 = Debug|Any CPU
		{6F8DAB99-2302-404C-AC7D-0ACE68857999}.Debug|Mixed Platforms.ActiveCfg = Debug|Any CPU
		{6F8DAB99-2302-404C-AC7D-0ACE68857999}.Debug|Mixed Platforms.Build.0 = Debug|Any CPU
		{6F8DAB99-2302-404C-AC7D-0ACE68857999}.Debug|x64.ActiveCfg = Debug|Any CPU
		{6F8DAB99-2302-404C-AC7D-0ACE68857999}.Debug|x64.Build.0 = Debug|Any CPU
		{6F8DAB99-2302-404C-AC7D-0ACE68857999}.Release|Any CPU.ActiveCfg = Release|Any CPU
		{6F8DAB99-2302-404C-AC7D-0ACE68857999}.Release|Any CPU.Build.0 = Release|Any CPU
		{6F8DAB99-2302-404C-AC7D-0ACE68857999}.Release|Mixed Platforms.ActiveCfg = Release|Any CPU
		{6F8DAB99-2302-404C-AC7D-0ACE68857999}.Release|Mixed Platforms.Build.0 = Release|Any CPU
		{6F8DAB99-2302-404C-AC7D-0ACE68857999}.Release|x64.ActiveCfg = Release|Any CPU
		{6F8DAB99-2302-404C-AC7D-0ACE68857999}.Release|x64.Build.0 = Release|Any CPU
		{6F8DAB99-2302-404C-AC7D-0ACE6885799A}.Debug|Any CPU.ActiveCfg = Debug|Any CPU
		{6F8DAB99-2302-404C-AC7D-0ACE6885799A}.Debug|Any CPU.Build.0 = Debug|Any CPU
		{6F8DAB99-2302-404C-AC7D-0ACE6885799A}.Debug|Mixed Platforms.ActiveCfg = Debug|Any CPU
		{6F8DAB99-2302-404C-AC7D-0ACE6885799A}.Debug|Mixed Platforms.Build.0 = Debug|Any CPU
		{6F8DAB99-2302-404C-AC7D-0ACE6885799A}.Debug|x64.ActiveCfg = Debug|Any CPU
		{6F8DAB99-2302-404C-AC7D-0ACE6885799A}.Debug|x64.Build.0 = Debug|Any CPU
		{6F8DAB99-2302-404C-AC7D-0ACE6885799A}.Release|Any CPU.ActiveCfg = Release|Any CPU
		{6F8DAB99-2302-404C-AC7D-0ACE6885799A}.Release|Any CPU.Build.0 = Release|Any CPU
		{6F8DAB99-2302-404C-AC7D-0ACE6885799A}.Release|Mixed Platforms.ActiveCfg = Release|Any CPU
		{6F8DAB99-2302-404C-AC7D-0ACE6885799A}.Release|Mixed Platforms.Build.0 = Release|Any CPU
		{6F8DAB99-2302-404C-AC7D-0ACE6885799A}.Release|x64.ActiveCfg = Release|Any CPU
		{6F8DAB99-2302-404C-AC7D-0ACE6885799A}.Release|x64.Build.0 = Release|Any CPU
		{6F8DAB99-2302-404C-AC7D-0ACE6885799B}.Debug|Any CPU.ActiveCfg = Debug|Any CPU
		{6F8DAB99-2302-404C-AC7D-0ACE6885799B}.Debug|Any CPU.Build.0 = Debug|Any CPU
		{6F8DAB99-2302-404C-AC7D-0ACE6885799B}.Debug|Mixed Platforms.ActiveCfg = Debug|Any CPU
		{6F8DAB99-2302-404C-AC7D-0ACE6885799B}.Debug|Mixed Platforms.Build.0 = Debug|Any CPU
		{6F8DAB99-2302-404C-AC7D-0ACE6885799B}.Debug|x64.ActiveCfg = Debug|Any CPU
		{6F8DAB99-2302-404C-AC7D-0ACE6885799B}.Debug|x64.Build.0 = Debug|Any CPU
		{6F8DAB99-2302-404C-AC7D-0ACE6885799B}.Release|Any CPU.ActiveCfg = Release|Any CPU
		{6F8DAB99-2302-404C-AC7D-0ACE6885799B}.Release|Any CPU.Build.0 = Release|Any CPU
		{6F8DAB99-2302-404C-AC7D-0ACE6885799B}.Release|Mixed Platforms.ActiveCfg = Release|Any CPU
		{6F8DAB99-2302-404C-AC7D-0ACE6885799B}.Release|Mixed Platforms.Build.0 = Release|Any CPU
		{6F8DAB99-2302-404C-AC7D-0ACE6885799B}.Release|x64.ActiveCfg = Release|Any CPU
		{6F8DAB99-2302-404C-AC7D-0ACE6885799B}.Release|x64.Build.0 = Release|Any CPU
		{6F8DAB99-2302-404C-AC7D-0ACE6885799C}.Debug|Any CPU.ActiveCfg = Debug|Any CPU
		{6F8DAB99-2302-404C-AC7D-0ACE6885799C}.Debug|Any CPU.Build.0 = Debug|Any CPU
		{6F8DAB99-2302-404C-AC7D-0ACE6885799C}.Debug|Mixed Platforms.ActiveCfg = Debug|Any CPU
		{6F8DAB99-2302-404C-AC7D-0ACE6885799C}.Debug|Mixed Platforms.Build.0 = Debug|Any CPU
		{6F8DAB99-2302-404C-AC7D-0ACE6885799C}.Debug|x64.ActiveCfg = Debug|Any CPU
		{6F8DAB99-2302-404C-AC7D-0ACE6885799C}.Debug|x64.Build.0 = Debug|Any CPU
		{6F8DAB99-2302-404C-AC7D-0ACE6885799C}.Release|Any CPU.ActiveCfg = Release|Any CPU
		{6F8DAB99-2302-404C-AC7D-0ACE6885799C}.Release|Any CPU.Build.0 = Release|Any CPU
		{6F8DAB99-2302-404C-AC7D-0ACE6885799C}.Release|Mixed Platforms.ActiveCfg = Release|Any CPU
		{6F8DAB99-2302-404C-AC7D-0ACE6885799C}.Release|Mixed Platforms.Build.0 = Release|Any CPU
		{6F8DAB99-2302-404C-AC7D-0ACE6885799C}.Release|x64.ActiveCfg = Release|Any CPU
		{6F8DAB99-2302-404C-AC7D-0ACE6885799C}.Release|x64.Build.0 = Release|Any CPU
		{6F8DAB99-2302-404C-AC7D-0ACE6885799D}.Debug|Any CPU.ActiveCfg = Debug|Any CPU
		{6F8DAB99-2302-404C-AC7D-0ACE6885799D}.Debug|Any CPU.Build.0 = Debug|Any CPU
		{6F8DAB99-2302-404C-AC7D-0ACE6885799D}.Debug|Mixed Platforms.ActiveCfg = Debug|Any CPU
		{6F8DAB99-2302-404C-AC7D-0ACE6885799D}.Debug|Mixed Platforms.Build.0 = Debug|Any CPU
		{6F8DAB99-2302-404C-AC7D-0ACE6885799D}.Debug|x64.ActiveCfg = Debug|Any CPU
		{6F8DAB99-2302-404C-AC7D-0ACE6885799D}.Debug|x64.Build.0 = Debug|Any CPU
		{6F8DAB99-2302-404C-AC7D-0ACE6885799D}.Release|Any CPU.ActiveCfg = Release|Any CPU
		{6F8DAB99-2302-404C-AC7D-0ACE6885799D}.Release|Any CPU.Build.0 = Release|Any CPU
		{6F8DAB99-2302-404C-AC7D-0ACE6885799D}.Release|Mixed Platforms.ActiveCfg = Release|Any CPU
		{6F8DAB99-2302-404C-AC7D-0ACE6885799D}.Release|Mixed Platforms.Build.0 = Release|Any CPU
		{6F8DAB99-2302-404C-AC7D-0ACE6885799D}.Release|x64.ActiveCfg = Release|Any CPU
		{6F8DAB99-2302-404C-AC7D-0ACE6885799D}.Release|x64.Build.0 = Release|Any CPU
		{6F8DAB99-2302-404C-AC7D-0ACE6885799E}.Debug|Any CPU.ActiveCfg = Debug|Any CPU
		{6F8DAB99-2302-404C-AC7D-0ACE6885799E}.Debug|Any CPU.Build.0 = Debug|Any CPU
		{6F8DAB99-2302-404C-AC7D-0ACE6885799E}.Debug|Mixed Platforms.ActiveCfg = Debug|Any CPU
		{6F8DAB99-2302-404C-AC7D-0ACE6885799E}.Debug|Mixed Platforms.Build.0 = Debug|Any CPU
		{6F8DAB99-2302-404C-AC7D-0ACE6885799E}.Debug|x64.ActiveCfg = Debug|Any CPU
		{6F8DAB99-2302-404C-AC7D-0ACE6885799E}.Debug|x64.Build.0 = Debug|Any CPU
		{6F8DAB99-2302-404C-AC7D-0ACE6885799E}.Release|Any CPU.ActiveCfg = Release|Any CPU
		{6F8DAB99-2302-404C-AC7D-0ACE6885799E}.Release|Any CPU.Build.0 = Release|Any CPU
		{6F8DAB99-2302-404C-AC7D-0ACE6885799E}.Release|Mixed Platforms.ActiveCfg = Release|Any CPU
		{6F8DAB99-2302-404C-AC7D-0ACE6885799E}.Release|Mixed Platforms.Build.0 = Release|Any CPU
		{6F8DAB99-2302-404C-AC7D-0ACE6885799E}.Release|x64.ActiveCfg = Release|Any CPU
		{6F8DAB99-2302-404C-AC7D-0ACE6885799E}.Release|x64.Build.0 = Release|Any CPU
		{6F8DAB99-2302-404C-AC7D-0ACE6885799F}.Debug|Any CPU.ActiveCfg = Debug|Any CPU
		{6F8DAB99-2302-404C-AC7D-0ACE6885799F}.Debug|Any CPU.Build.0 = Debug|Any CPU
		{6F8DAB99-2302-404C-AC7D-0ACE6885799F}.Debug|Mixed Platforms.ActiveCfg = Debug|Any CPU
		{6F8DAB99-2302-404C-AC7D-0ACE6885799F}.Debug|Mixed Platforms.Build.0 = Debug|Any CPU
		{6F8DAB99-2302-404C-AC7D-0ACE6885799F}.Debug|x64.ActiveCfg = Debug|Any CPU
		{6F8DAB99-2302-404C-AC7D-0ACE6885799F}.Debug|x64.Build.0 = Debug|Any CPU
		{6F8DAB99-2302-404C-AC7D-0ACE6885799F}.Release|Any CPU.ActiveCfg = Release|Any CPU
		{6F8DAB99-2302-404C-AC7D-0ACE6885799F}.Release|Any CPU.Build.0 = Release|Any CPU
		{6F8DAB99-2302-404C-AC7D-0ACE6885799F}.Release|Mixed Platforms.ActiveCfg = Release|Any CPU
		{6F8DAB99-2302-404C-AC7D-0ACE6885799F}.Release|Mixed Platforms.Build.0 = Release|Any CPU
		{6F8DAB99-2302-404C-AC7D-0ACE6885799F}.Release|x64.ActiveCfg = Release|Any CPU
		{6F8DAB99-2302-404C-AC7D-0ACE6885799F}.Release|x64.Build.0 = Release|Any CPU
		{6F8DAB99-2302-404C-AC7D-0ACE688579A0}.Debug|Any CPU.ActiveCfg = Debug|Any CPU
		{6F8DAB99-2302-404C-AC7D-0ACE688579A0}.Debug|Any CPU.Build.0 = Debug|Any CPU
		{6F8DAB99-2302-404C-AC7D-0ACE688579A0}.Debug|Mixed Platforms.ActiveCfg = Debug|Any CPU
		{6F8DAB99-2302-404C-AC7D-0ACE688579A0}.Debug|Mixed Platforms.Build.0 = Debug|Any CPU
		{6F8DAB99-2302-404C-AC7D-0ACE688579A0}.Debug|x64.ActiveCfg = Debug|Any CPU
		{6F8DAB99-2302-404C-AC7D-0ACE688579A0}.Debug|x64.Build.0 = Debug|Any CPU
		{6F8DAB99-2302-404C-AC7D-0ACE688579A0}.Release|Any CPU.ActiveCfg = Release|Any CPU
		{6F8DAB99-2302-404C-AC7D-0ACE688579A0}.Release|Any CPU.Build.0 = Release|Any CPU
		{6F8DAB99-2302-404C-AC7D-0ACE688579A0}.Release|Mixed Platforms.ActiveCfg = Release|Any CPU
		{6F8DAB99-2302-404C-AC7D-0ACE688579A0}.Release|Mixed Platforms.Build.0 = Release|Any CPU
		{6F8DAB99-2302-404C-AC7D-0ACE688579A0}.Release|x64.ActiveCfg = Release|Any CPU
		{6F8DAB99-2302-404C-AC7D-0ACE688579A0}.Release|x64.Build.0 = Release|Any CPU
		{6F8DAB99-2302-404C-AC7D-0ACE688579A1}.Debug|Any CPU.ActiveCfg = Debug|Any CPU
		{6F8DAB99-2302-404C-AC7D-0ACE688579A1}.Debug|Any CPU.Build.0 = Debug|Any CPU
		{6F8DAB99-2302-404C-AC7D-0ACE688579A1}.Debug|Mixed Platforms.ActiveCfg = Debug|Any CPU
		{6F8DAB99-2302-404C-AC7D-0ACE688579A1}.Debug|Mixed Platforms.Build.0 = Debug|Any CPU
		{6F8DAB99-2302-404C-AC7D-0ACE688579A1}.Debug|x64.ActiveCfg = Debug|Any CPU
		{6F8DAB99-2302-404C-AC7D-0ACE688579A1}.Debug|x64.Build.0 = Debug|Any CPU
		{6F8DAB99-2302-404C-AC7D-0ACE688579A1}.Release|Any CPU.ActiveCfg = Release|Any CPU
		{6F8DAB99-2302-404C-AC7D-0ACE688579A1}.Release|Any CPU.Build.0 = Release|Any CPU
		{6F8DAB99-2302-404C-AC7D-0ACE688579A1}.Release|Mixed Platforms.ActiveCfg = Release|Any CPU
		{6F8DAB99-2302-404C-AC7D-0ACE688579A1}.Release|Mixed Platforms.Build.0 = Release|Any CPU
		{6F8DAB99-2302-404C-AC7D-0ACE688579A1}.Release|x64.ActiveCfg = Release|Any CPU
		{6F8DAB99-2302-404C-AC7D-0ACE688579A1}.Release|x64.Build.0 = Release|Any CPU
		{6F8DAB99-2302-404C-AC7D-0ACE688579A2}.Debug|Any CPU.ActiveCfg = Debug|Any CPU
		{6F8DAB99-2302-404C-AC7D-0ACE688579A2}.Debug|Any CPU.Build.0 = Debug|Any CPU
		{6F8DAB99-2302-404C-AC7D-0ACE688579A2}.Debug|Mixed Platforms.ActiveCfg = Debug|Any CPU
		{6F8DAB99-2302-404C-AC7D-0ACE688579A2}.Debug|Mixed Platforms.Build.0 = Debug|Any CPU
		{6F8DAB99-2302-404C-AC7D-0ACE688579A2}.Debug|x64.ActiveCfg = Debug|Any CPU
		{6F8DAB99-2302-404C-AC7D-0ACE688579A2}.Debug|x64.Build.0 = Debug|Any CPU
		{6F8DAB99-2302-404C-AC7D-0ACE688579A2}.Release|Any CPU.ActiveCfg = Release|Any CPU
		{6F8DAB99-2302-404C-AC7D-0ACE688579A2}.Release|Any CPU.Build.0 = Release|Any CPU
		{6F8DAB99-2302-404C-AC7D-0ACE688579A2}.Release|Mixed Platforms.ActiveCfg = Release|Any CPU
		{6F8DAB99-2302-404C-AC7D-0ACE688579A2}.Release|Mixed Platforms.Build.0 = Release|Any CPU
		{6F8DAB99-2302-404C-AC7D-0ACE688579A2}.Release|x64.ActiveCfg = Release|Any CPU
		{6F8DAB99-2302-404C-AC7D-0ACE688579A2}.Release|x64.Build.0 = Release|Any CPU
		{6F8DAB99-2302-404C-AC7D-0ACE688579A3}.Debug|Any CPU.ActiveCfg = Debug|Any CPU
		{6F8DAB99-2302-404C-AC7D-0ACE688579A3}.Debug|Any CPU.Build.0 = Debug|Any CPU
		{6F8DAB99-2302-404C-AC7D-0ACE688579A3}.Debug|Mixed Platforms.ActiveCfg = Debug|Any CPU
		{6F8DAB99-2302-404C-AC7D-0ACE688579A3}.Debug|Mixed Platforms.Build.0 = Debug|Any CPU
		{6F8DAB99-2302-404C-AC7D-0ACE688579A3}.Debug|x64.ActiveCfg = Debug|Any CPU
		{6F8DAB99-2302-404C-AC7D-0ACE688579A3}.Debug|x64.Build.0 = Debug|Any CPU
		{6F8DAB99-2302-404C-AC7D-0ACE688579A3}.Release|Any CPU.ActiveCfg = Release|Any CPU
		{6F8DAB99-2302-404C-AC7D-0ACE688579A3}.Release|Any CPU.Build.0 = Release|Any CPU
		{6F8DAB99-2302-404C-AC7D-0ACE688579A3}.Release|Mixed Platforms.ActiveCfg = Release|Any CPU
		{6F8DAB99-2302-404C-AC7D-0ACE688579A3}.Release|Mixed Platforms.Build.0 = Release|Any CPU
		{6F8DAB99-2302-404C-AC7D-0ACE688579A3}.Release|x64.ActiveCfg = Release|Any CPU
		{6F8DAB99-2302-404C-AC7D-0ACE688579A3}.Release|x64.Build.0 = Release|Any CPU
		{6F8DAB99-2302-404C-AC7D-0ACE688579A4}.Debug|Any CPU.ActiveCfg = Debug|Any CPU
		{6F8DAB99-2302-404C-AC7D-0ACE688579A4}.Debug|Any CPU.Build.0 = Debug|Any CPU
		{6F8DAB99-2302-404C-AC7D-0ACE688579A4}.Debug|Mixed Platforms.ActiveCfg = Debug|Any CPU
		{6F8DAB99-2302-404C-AC7D-0ACE688579A4}.Debug|Mixed Platforms.Build.0 = Debug|Any CPU
		{6F8DAB99-2302-404C-AC7D-0ACE688579A4}.Debug|x64.ActiveCfg = Debug|Any CPU
		{6F8DAB99-2302-404C-AC7D-0ACE688579A4}.Debug|x64.Build.0 = Debug|Any CPU
		{6F8DAB99-2302-404C-AC7D-0ACE688579A4}.Release|Any CPU.ActiveCfg = Release|Any CPU
		{6F8DAB99-2302-404C-AC7D-0ACE688579A4}.Release|Any CPU.Build.0 = Release|Any CPU
		{6F8DAB99-2302-404C-AC7D-0ACE688579A4}.Release|Mixed Platforms.ActiveCfg = Release|Any CPU
		{6F8DAB99-2302-404C-AC7D-0ACE688579A4}.Release|Mixed Platforms.Build.0 = Release|Any CPU
		{6F8DAB99-2302-404C-AC7D-0ACE688579A4}.Release|x64.ActiveCfg = Release|Any CPU
		{6F8DAB99-2302-404C-AC7D-0ACE688579A4}.Release|x64.Build.0 = Release|Any CPU
		{6F8DAB99-2302-404C-AC7D-0ACE6885797D}.Debug|Any CPU.ActiveCfg = Debug|Any CPU
		{6F8DAB99-2302-404C-AC7D-0ACE6885797D}.Debug|Any CPU.Build.0 = Debug|Any CPU
		{6F8DAB99-2302-404C-AC7D-0ACE6885797D}.Debug|Mixed Platforms.ActiveCfg = Debug|Any CPU
		{6F8DAB99-2302-404C-AC7D-0ACE6885797D}.Debug|Mixed Platforms.Build.0 = Debug|Any CPU
		{6F8DAB99-2302-404C-AC7D-0ACE6885797D}.Debug|x64.ActiveCfg = Debug|Any CPU
		{6F8DAB99-2302-404C-AC7D-0ACE6885797D}.Debug|x64.Build.0 = Debug|Any CPU
		{6F8DAB99-2302-404C-AC7D-0ACE6885797D}.Release|Any CPU.ActiveCfg = Release|Any CPU
		{6F8DAB99-2302-404C-AC7D-0ACE6885797D}.Release|Any CPU.Build.0 = Release|Any CPU
		{6F8DAB99-2302-404C-AC7D-0ACE6885797D}.Release|Mixed Platforms.ActiveCfg = Release|Any CPU
		{6F8DAB99-2302-404C-AC7D-0ACE6885797D}.Release|Mixed Platforms.Build.0 = Release|Any CPU
		{6F8DAB99-2302-404C-AC7D-0ACE6885797D}.Release|x64.ActiveCfg = Release|Any CPU
		{6F8DAB99-2302-404C-AC7D-0ACE6885797D}.Release|x64.Build.0 = Release|Any CPU
		{6F8DAB99-2302-404C-AC7D-0ACE688579A5}.Debug|Any CPU.ActiveCfg = Debug|Any CPU
		{6F8DAB99-2302-404C-AC7D-0ACE688579A5}.Debug|Any CPU.Build.0 = Debug|Any CPU
		{6F8DAB99-2302-404C-AC7D-0ACE688579A5}.Debug|Mixed Platforms.ActiveCfg = Debug|Any CPU
		{6F8DAB99-2302-404C-AC7D-0ACE688579A5}.Debug|Mixed Platforms.Build.0 = Debug|Any CPU
		{6F8DAB99-2302-404C-AC7D-0ACE688579A5}.Debug|x64.ActiveCfg = Debug|Any CPU
		{6F8DAB99-2302-404C-AC7D-0ACE688579A5}.Debug|x64.Build.0 = Debug|Any CPU
		{6F8DAB99-2302-404C-AC7D-0ACE688579A5}.Release|Any CPU.ActiveCfg = Release|Any CPU
		{6F8DAB99-2302-404C-AC7D-0ACE688579A5}.Release|Any CPU.Build.0 = Release|Any CPU
		{6F8DAB99-2302-404C-AC7D-0ACE688579A5}.Release|Mixed Platforms.ActiveCfg = Release|Any CPU
		{6F8DAB99-2302-404C-AC7D-0ACE688579A5}.Release|Mixed Platforms.Build.0 = Release|Any CPU
		{6F8DAB99-2302-404C-AC7D-0ACE688579A5}.Release|x64.ActiveCfg = Release|Any CPU
		{6F8DAB99-2302-404C-AC7D-0ACE688579A5}.Release|x64.Build.0 = Release|Any CPU
	EndGlobalSection
	GlobalSection(SolutionProperties) = preSolution
		HideSolutionNode = FALSE
	EndGlobalSection
EndGlobal
