
Microsoft Visual Studio Solution File, Format Version 11.00
# Visual Studio 2010
Project("{FAE04EC0-301F-11D3-BF4B-00C04F79EFBC}") = "Assembly-CSharp-firstpass", "Assembly-CSharp-firstpass\Assembly-CSharp-firstpass.csproj", "{6F8DAB99-2302-404C-AC7D-0ACE68857965}"
EndProject
Project("{FAE04EC0-301F-11D3-BF4B-00C04F79EFBC}") = "Assembly-CSharp", "Assembly-CSharp\Assembly-CSharp.csproj", "{6F8DAB99-2302-404C-AC7D-0ACE68857964}"
EndProject
Project("{FAE04EC0-301F-11D3-BF4B-00C04F79EFBC}") = "Chopin", "Chopin\Chopin.csproj", "{6F8DAB99-2302-404C-AC7D-0ACE68857966}"
EndProject
Project("{FAE04EC0-301F-11D3-BF4B-00C04F79EFBC}") = "JsonFx.Json", "JsonFx.Json\JsonFx.Json.csproj", "{6F8DAB99-2302-404C-AC7D-0ACE68857967}"
EndProject
Project("{FAE04EC0-301F-11D3-BF4B-00C04F79EFBC}") = "Mono.Security", "Mono.Security\Mono.Security.csproj", "{6F8DAB99-2302-404C-AC7D-0ACE68857968}"
EndProject
Project("{FAE04EC0-301F-11D3-BF4B-00C04F79EFBC}") = "mscorlib", "mscorlib\mscorlib.csproj", "{6F8DAB99-2302-404C-AC7D-0ACE68857969}"
EndProject
Project("{FAE04EC0-301F-11D3-BF4B-00C04F79EFBC}") = "PersistentData", "PersistentData\PersistentData.csproj", "{6F8DAB99-2302-404C-AC7D-0ACE6885796A}"
EndProject
Project("{FAE04EC0-301F-11D3-BF4B-00C04F79EFBC}") = "Secure", "Secure\Secure.csproj", "{6F8DAB99-2302-404C-AC7D-0ACE6885796B}"
EndProject
Project("{FAE04EC0-301F-11D3-BF4B-00C04F79EFBC}") = "System.Core", "System.Core\System.Core.csproj", "{6F8DAB99-2302-404C-AC7D-0ACE6885796C}"
EndProject
Project("{FAE04EC0-301F-11D3-BF4B-00C04F79EFBC}") = "System.Xml", "System.Xml\System.Xml.csproj", "{6F8DAB99-2302-404C-AC7D-0ACE6885796E}"
EndProject
Project("{FAE04EC0-301F-11D3-BF4B-00C04F79EFBC}") = "System", "System\System.csproj", "{6F8DAB99-2302-404C-AC7D-0ACE6885796D}"
EndProject
Project("{FAE04EC0-301F-11D3-BF4B-00C04F79EFBC}") = "TextMeshPro", "TextMeshPro\TextMeshPro.csproj", "{6F8DAB99-2302-404C-AC7D-0ACE6885796F}"
EndProject
Project("{FAE04EC0-301F-11D3-BF4B-00C04F79EFBC}") = "UnityEngine.Networking", "UnityEngine.Networking\UnityEngine.Networking.csproj", "{6F8DAB99-2302-404C-AC7D-0ACE68857971}"
EndProject
Project("{FAE04EC0-301F-11D3-BF4B-00C04F79EFBC}") = "UnityEngine.UI", "UnityEngine.UI\UnityEngine.UI.csproj", "{6F8DAB99-2302-404C-AC7D-0ACE68857972}"
EndProject
Project("{FAE04EC0-301F-11D3-BF4B-00C04F79EFBC}") = "UnityEngine", "UnityEngine\UnityEngine.csproj", "{6F8DAB99-2302-404C-AC7D-0ACE68857970}"
EndProject
Project("{FAE04EC0-301F-11D3-BF4B-00C04F79EFBC}") = "websocket-sharp", "websocket-sharp\websocket-sharp.csproj", "{6F8DAB99-2302-404C-AC7D-0ACE68857973}"
EndProject
Global
	GlobalSection(SolutionConfigurationPlatforms) = preSolution
		Debug|Any CPU = Debug|Any CPU
		Release|Any CPU = Release|Any CPU
	EndGlobalSection
	GlobalSection(ProjectConfigurationPlatforms) = postSolution
		{6F8DAB99-2302-404C-AC7D-0ACE68857965}.Debug|Any CPU.ActiveCfg = Debug|Any CPU
		{6F8DAB99-2302-404C-AC7D-0ACE68857965}.Debug|Any CPU.Build.0 = Debug|Any CPU
		{6F8DAB99-2302-404C-AC7D-0ACE68857965}.Release|Any CPU.ActiveCfg = Release|Any CPU
		{6F8DAB99-2302-404C-AC7D-0ACE68857965}.Release|Any CPU.Build.0 = Release|Any CPU
		{6F8DAB99-2302-404C-AC7D-0ACE68857964}.Debug|Any CPU.ActiveCfg = Debug|Any CPU
		{6F8DAB99-2302-404C-AC7D-0ACE68857964}.Debug|Any CPU.Build.0 = Debug|Any CPU
		{6F8DAB99-2302-404C-AC7D-0ACE68857964}.Release|Any CPU.ActiveCfg = Release|Any CPU
		{6F8DAB99-2302-404C-AC7D-0ACE68857964}.Release|Any CPU.Build.0 = Release|Any CPU
		{6F8DAB99-2302-404C-AC7D-0ACE68857966}.Debug|Any CPU.ActiveCfg = Debug|Any CPU
		{6F8DAB99-2302-404C-AC7D-0ACE68857966}.Debug|Any CPU.Build.0 = Debug|Any CPU
		{6F8DAB99-2302-404C-AC7D-0ACE68857966}.Release|Any CPU.ActiveCfg = Release|Any CPU
		{6F8DAB99-2302-404C-AC7D-0ACE68857966}.Release|Any CPU.Build.0 = Release|Any CPU
		{6F8DAB99-2302-404C-AC7D-0ACE68857967}.Debug|Any CPU.ActiveCfg = Debug|Any CPU
		{6F8DAB99-2302-404C-AC7D-0ACE68857967}.Debug|Any CPU.Build.0 = Debug|Any CPU
		{6F8DAB99-2302-404C-AC7D-0ACE68857967}.Release|Any CPU.ActiveCfg = Release|Any CPU
		{6F8DAB99-2302-404C-AC7D-0ACE68857967}.Release|Any CPU.Build.0 = Release|Any CPU
		{6F8DAB99-2302-404C-AC7D-0ACE68857968}.Debug|Any CPU.ActiveCfg = Debug|Any CPU
		{6F8DAB99-2302-404C-AC7D-0ACE68857968}.Debug|Any CPU.Build.0 = Debug|Any CPU
		{6F8DAB99-2302-404C-AC7D-0ACE68857968}.Release|Any CPU.ActiveCfg = Release|Any CPU
		{6F8DAB99-2302-404C-AC7D-0ACE68857968}.Release|Any CPU.Build.0 = Release|Any CPU
		{6F8DAB99-2302-404C-AC7D-0ACE68857969}.Debug|Any CPU.ActiveCfg = Debug|Any CPU
		{6F8DAB99-2302-404C-AC7D-0ACE68857969}.Debug|Any CPU.Build.0 = Debug|Any CPU
		{6F8DAB99-2302-404C-AC7D-0ACE68857969}.Release|Any CPU.ActiveCfg = Release|Any CPU
		{6F8DAB99-2302-404C-AC7D-0ACE68857969}.Release|Any CPU.Build.0 = Release|Any CPU
		{6F8DAB99-2302-404C-AC7D-0ACE6885796A}.Debug|Any CPU.ActiveCfg = Debug|Any CPU
		{6F8DAB99-2302-404C-AC7D-0ACE6885796A}.Debug|Any CPU.Build.0 = Debug|Any CPU
		{6F8DAB99-2302-404C-AC7D-0ACE6885796A}.Release|Any CPU.ActiveCfg = Release|Any CPU
		{6F8DAB99-2302-404C-AC7D-0ACE6885796A}.Release|Any CPU.Build.0 = Release|Any CPU
		{6F8DAB99-2302-404C-AC7D-0ACE6885796B}.Debug|Any CPU.ActiveCfg = Debug|Any CPU
		{6F8DAB99-2302-404C-AC7D-0ACE6885796B}.Debug|Any CPU.Build.0 = Debug|Any CPU
		{6F8DAB99-2302-404C-AC7D-0ACE6885796B}.Release|Any CPU.ActiveCfg = Release|Any CPU
		{6F8DAB99-2302-404C-AC7D-0ACE6885796B}.Release|Any CPU.Build.0 = Release|Any CPU
		{6F8DAB99-2302-404C-AC7D-0ACE6885796C}.Debug|Any CPU.ActiveCfg = Debug|Any CPU
		{6F8DAB99-2302-404C-AC7D-0ACE6885796C}.Debug|Any CPU.Build.0 = Debug|Any CPU
		{6F8DAB99-2302-404C-AC7D-0ACE6885796C}.Release|Any CPU.ActiveCfg = Release|Any CPU
		{6F8DAB99-2302-404C-AC7D-0ACE6885796C}.Release|Any CPU.Build.0 = Release|Any CPU
		{6F8DAB99-2302-404C-AC7D-0ACE6885796E}.Debug|Any CPU.ActiveCfg = Debug|Any CPU
		{6F8DAB99-2302-404C-AC7D-0ACE6885796E}.Debug|Any CPU.Build.0 = Debug|Any CPU
		{6F8DAB99-2302-404C-AC7D-0ACE6885796E}.Release|Any CPU.ActiveCfg = Release|Any CPU
		{6F8DAB99-2302-404C-AC7D-0ACE6885796E}.Release|Any CPU.Build.0 = Release|Any CPU
		{6F8DAB99-2302-404C-AC7D-0ACE6885796D}.Debug|Any CPU.ActiveCfg = Debug|Any CPU
		{6F8DAB99-2302-404C-AC7D-0ACE6885796D}.Debug|Any CPU.Build.0 = Debug|Any CPU
		{6F8DAB99-2302-404C-AC7D-0ACE6885796D}.Release|Any CPU.ActiveCfg = Release|Any CPU
		{6F8DAB99-2302-404C-AC7D-0ACE6885796D}.Release|Any CPU.Build.0 = Release|Any CPU
		{6F8DAB99-2302-404C-AC7D-0ACE6885796F}.Debug|Any CPU.ActiveCfg = Debug|Any CPU
		{6F8DAB99-2302-404C-AC7D-0ACE6885796F}.Debug|Any CPU.Build.0 = Debug|Any CPU
		{6F8DAB99-2302-404C-AC7D-0ACE6885796F}.Release|Any CPU.ActiveCfg = Release|Any CPU
		{6F8DAB99-2302-404C-AC7D-0ACE6885796F}.Release|Any CPU.Build.0 = Release|Any CPU
		{6F8DAB99-2302-404C-AC7D-0ACE68857971}.Debug|Any CPU.ActiveCfg = Debug|Any CPU
		{6F8DAB99-2302-404C-AC7D-0ACE68857971}.Debug|Any CPU.Build.0 = Debug|Any CPU
		{6F8DAB99-2302-404C-AC7D-0ACE68857971}.Release|Any CPU.ActiveCfg = Release|Any CPU
		{6F8DAB99-2302-404C-AC7D-0ACE68857971}.Release|Any CPU.Build.0 = Release|Any CPU
		{6F8DAB99-2302-404C-AC7D-0ACE68857972}.Debug|Any CPU.ActiveCfg = Debug|Any CPU
		{6F8DAB99-2302-404C-AC7D-0ACE68857972}.Debug|Any CPU.Build.0 = Debug|Any CPU
		{6F8DAB99-2302-404C-AC7D-0ACE68857972}.Release|Any CPU.ActiveCfg = Release|Any CPU
		{6F8DAB99-2302-404C-AC7D-0ACE68857972}.Release|Any CPU.Build.0 = Release|Any CPU
		{6F8DAB99-2302-404C-AC7D-0ACE68857970}.Debug|Any CPU.ActiveCfg = Debug|Any CPU
		{6F8DAB99-2302-404C-AC7D-0ACE68857970}.Debug|Any CPU.Build.0 = Debug|Any CPU
		{6F8DAB99-2302-404C-AC7D-0ACE68857970}.Release|Any CPU.ActiveCfg = Release|Any CPU
		{6F8DAB99-2302-404C-AC7D-0ACE68857970}.Release|Any CPU.Build.0 = Release|Any CPU
		{6F8DAB99-2302-404C-AC7D-0ACE68857973}.Debug|Any CPU.ActiveCfg = Debug|Any CPU
		{6F8DAB99-2302-404C-AC7D-0ACE68857973}.Debug|Any CPU.Build.0 = Debug|Any CPU
		{6F8DAB99-2302-404C-AC7D-0ACE68857973}.Release|Any CPU.ActiveCfg = Release|Any CPU
		{6F8DAB99-2302-404C-AC7D-0ACE68857973}.Release|Any CPU.Build.0 = Release|Any CPU
	EndGlobalSection
	GlobalSection(SolutionProperties) = preSolution
		HideSolutionNode = FALSE
	EndGlobalSection
EndGlobal
